// !$*UTF8*$!
{
	archiveVersion = 1;
	classes = {
	};
	objectVersion = 46;
	objects = {

/* Begin PBXBuildFile section */
		290D3C6F211BDC300032DA6D /* MaskedGrid.swift in Sources */ = {isa = PBXBuildFile; fileRef = 290D3C6E211BDC300032DA6D /* MaskedGrid.swift */; };
		29810C15211A9BEF004AD81C /* Mask.swift in Sources */ = {isa = PBXBuildFile; fileRef = 29810C14211A9BEF004AD81C /* Mask.swift */; };
		D201A1AB214B003A009D14BC /* HexCell.swift in Sources */ = {isa = PBXBuildFile; fileRef = D201A1AA214B003A009D14BC /* HexCell.swift */; };
		D201A1AD214B0227009D14BC /* HexGrid.swift in Sources */ = {isa = PBXBuildFile; fileRef = D201A1AC214B0227009D14BC /* HexGrid.swift */; };
		D201A1AF214B08A2009D14BC /* RenderingMode.swift in Sources */ = {isa = PBXBuildFile; fileRef = D201A1AE214B08A2009D14BC /* RenderingMode.swift */; };
		D201A1B1214B1AFE009D14BC /* ColoredHexGrid.swift in Sources */ = {isa = PBXBuildFile; fileRef = D201A1B0214B1AFE009D14BC /* ColoredHexGrid.swift */; };
		D201A1B3214B3133009D14BC /* CGContextExtensions.swift in Sources */ = {isa = PBXBuildFile; fileRef = D201A1B2214B3133009D14BC /* CGContextExtensions.swift */; };
		D201A1B5214B31B5009D14BC /* IntExtensions.swift in Sources */ = {isa = PBXBuildFile; fileRef = D201A1B4214B31B5009D14BC /* IntExtensions.swift */; };
		D201A1B7214B4B22009D14BC /* TriangleCell.swift in Sources */ = {isa = PBXBuildFile; fileRef = D201A1B6214B4B22009D14BC /* TriangleCell.swift */; };
		D201A1B9214B4D6A009D14BC /* TriangleGrid.swift in Sources */ = {isa = PBXBuildFile; fileRef = D201A1B8214B4D6A009D14BC /* TriangleGrid.swift */; };
		D201A1BB214B4F9D009D14BC /* ColoredTriangleGrid.swift in Sources */ = {isa = PBXBuildFile; fileRef = D201A1BA214B4F9D009D14BC /* ColoredTriangleGrid.swift */; };
		D201A1BD214C4DF8009D14BC /* PyramidGrid.swift in Sources */ = {isa = PBXBuildFile; fileRef = D201A1BC214C4DF8009D14BC /* PyramidGrid.swift */; };
		D201A1BF214C533B009D14BC /* ColoredPyramidGrid.swift in Sources */ = {isa = PBXBuildFile; fileRef = D201A1BE214C533B009D14BC /* ColoredPyramidGrid.swift */; };
		D201A1C1214C60DB009D14BC /* PyramidCell.swift in Sources */ = {isa = PBXBuildFile; fileRef = D201A1C0214C60DB009D14BC /* PyramidCell.swift */; };
		D21DA624212BADAB0007FF2D /* PolarGrid.swift in Sources */ = {isa = PBXBuildFile; fileRef = D21DA623212BADAB0007FF2D /* PolarGrid.swift */; };
		D238C7F42103CD9600909855 /* main.swift in Sources */ = {isa = PBXBuildFile; fileRef = D238C7F32103CD9600909855 /* main.swift */; };
		D27238942143733C006BF452 /* ColoredPolarGrid.swift in Sources */ = {isa = PBXBuildFile; fileRef = D27238932143733C006BF452 /* ColoredPolarGrid.swift */; };
		D2759DDA213F79ED00C7FB65 /* PolarCell.swift in Sources */ = {isa = PBXBuildFile; fileRef = D2759DD9213F79ED00C7FB65 /* PolarCell.swift */; };
		D28AA1EC210C035400898B17 /* HuntAndKill.swift in Sources */ = {isa = PBXBuildFile; fileRef = D28AA1EB210C035400898B17 /* HuntAndKill.swift */; };
		D28AA1EE210E301300898B17 /* RecursiveBacktracker.swift in Sources */ = {isa = PBXBuildFile; fileRef = D28AA1ED210E301300898B17 /* RecursiveBacktracker.swift */; };
		D28CA62121080D2E00D466BC /* Distances.swift in Sources */ = {isa = PBXBuildFile; fileRef = D28CA62021080D2E00D466BC /* Distances.swift */; };
		D28CA6232108182900D466BC /* DistanceGrid.swift in Sources */ = {isa = PBXBuildFile; fileRef = D28CA6222108182900D466BC /* DistanceGrid.swift */; };
		D2B345732144C3BE0034E71A /* RectCell.swift in Sources */ = {isa = PBXBuildFile; fileRef = D2B345722144C3BE0034E71A /* RectCell.swift */; };
		D2C7FB68210ABCE500386F74 /* AldousBroder.swift in Sources */ = {isa = PBXBuildFile; fileRef = D2C7FB67210ABCE500386F74 /* AldousBroder.swift */; };
		D2C7FB6A210AC2DA00386F74 /* Wilsons.swift in Sources */ = {isa = PBXBuildFile; fileRef = D2C7FB69210AC2DA00386F74 /* Wilsons.swift */; };
		D2DA180A21050F5800EA5EBE /* Image.swift in Sources */ = {isa = PBXBuildFile; fileRef = D2DA180921050F5800EA5EBE /* Image.swift */; };
		D2DA180F2106DA8800EA5EBE /* BinaryTree.swift in Sources */ = {isa = PBXBuildFile; fileRef = D2DA180B2106DA8800EA5EBE /* BinaryTree.swift */; };
		D2DA18102106DA8800EA5EBE /* Cell.swift in Sources */ = {isa = PBXBuildFile; fileRef = D2DA180C2106DA8800EA5EBE /* Cell.swift */; };
		D2DA18112106DA8800EA5EBE /* Grid.swift in Sources */ = {isa = PBXBuildFile; fileRef = D2DA180D2106DA8800EA5EBE /* Grid.swift */; };
		D2DA18122106DA8800EA5EBE /* Sidewinder.swift in Sources */ = {isa = PBXBuildFile; fileRef = D2DA180E2106DA8800EA5EBE /* Sidewinder.swift */; };
		D2FC7B1F210959DC00E40F7A /* MazeGenerator.swift in Sources */ = {isa = PBXBuildFile; fileRef = D2FC7B1E210959DC00E40F7A /* MazeGenerator.swift */; };
		D2FC7B21210967C700E40F7A /* ColoredGrid.swift in Sources */ = {isa = PBXBuildFile; fileRef = D2FC7B20210967C700E40F7A /* ColoredGrid.swift */; };
/* End PBXBuildFile section */

/* Begin PBXCopyFilesBuildPhase section */
		D238C7EE2103CD9500909855 /* CopyFiles */ = {
			isa = PBXCopyFilesBuildPhase;
			buildActionMask = 2147483647;
			dstPath = /usr/share/man/man1/;
			dstSubfolderSpec = 0;
			files = (
			);
			runOnlyForDeploymentPostprocessing = 1;
		};
/* End PBXCopyFilesBuildPhase section */

/* Begin PBXFileReference section */
		290D3C6E211BDC300032DA6D /* MaskedGrid.swift */ = {isa = PBXFileReference; lastKnownFileType = sourcecode.swift; path = MaskedGrid.swift; sourceTree = "<group>"; };
		29810C14211A9BEF004AD81C /* Mask.swift */ = {isa = PBXFileReference; lastKnownFileType = sourcecode.swift; path = Mask.swift; sourceTree = "<group>"; };
		D201A1AA214B003A009D14BC /* HexCell.swift */ = {isa = PBXFileReference; lastKnownFileType = sourcecode.swift; path = HexCell.swift; sourceTree = "<group>"; };
		D201A1AC214B0227009D14BC /* HexGrid.swift */ = {isa = PBXFileReference; lastKnownFileType = sourcecode.swift; path = HexGrid.swift; sourceTree = "<group>"; };
		D201A1AE214B08A2009D14BC /* RenderingMode.swift */ = {isa = PBXFileReference; lastKnownFileType = sourcecode.swift; path = RenderingMode.swift; sourceTree = "<group>"; };
		D201A1B0214B1AFE009D14BC /* ColoredHexGrid.swift */ = {isa = PBXFileReference; lastKnownFileType = sourcecode.swift; path = ColoredHexGrid.swift; sourceTree = "<group>"; };
		D201A1B2214B3133009D14BC /* CGContextExtensions.swift */ = {isa = PBXFileReference; lastKnownFileType = sourcecode.swift; path = CGContextExtensions.swift; sourceTree = "<group>"; };
		D201A1B4214B31B5009D14BC /* IntExtensions.swift */ = {isa = PBXFileReference; lastKnownFileType = sourcecode.swift; path = IntExtensions.swift; sourceTree = "<group>"; };
		D201A1B6214B4B22009D14BC /* TriangleCell.swift */ = {isa = PBXFileReference; lastKnownFileType = sourcecode.swift; path = TriangleCell.swift; sourceTree = "<group>"; };
		D201A1B8214B4D6A009D14BC /* TriangleGrid.swift */ = {isa = PBXFileReference; lastKnownFileType = sourcecode.swift; path = TriangleGrid.swift; sourceTree = "<group>"; };
		D201A1BA214B4F9D009D14BC /* ColoredTriangleGrid.swift */ = {isa = PBXFileReference; lastKnownFileType = sourcecode.swift; path = ColoredTriangleGrid.swift; sourceTree = "<group>"; };
		D201A1BC214C4DF8009D14BC /* PyramidGrid.swift */ = {isa = PBXFileReference; lastKnownFileType = sourcecode.swift; path = PyramidGrid.swift; sourceTree = "<group>"; };
		D201A1BE214C533B009D14BC /* ColoredPyramidGrid.swift */ = {isa = PBXFileReference; lastKnownFileType = sourcecode.swift; path = ColoredPyramidGrid.swift; sourceTree = "<group>"; };
		D201A1C0214C60DB009D14BC /* PyramidCell.swift */ = {isa = PBXFileReference; lastKnownFileType = sourcecode.swift; path = PyramidCell.swift; sourceTree = "<group>"; };
		D21DA623212BADAB0007FF2D /* PolarGrid.swift */ = {isa = PBXFileReference; fileEncoding = 4; lastKnownFileType = sourcecode.swift; path = PolarGrid.swift; sourceTree = "<group>"; };
		D238C7F02103CD9600909855 /* Mazes */ = {isa = PBXFileReference; explicitFileType = "compiled.mach-o.executable"; includeInIndex = 0; path = Mazes; sourceTree = BUILT_PRODUCTS_DIR; };
		D238C7F32103CD9600909855 /* main.swift */ = {isa = PBXFileReference; lastKnownFileType = sourcecode.swift; path = main.swift; sourceTree = "<group>"; };
		D27238932143733C006BF452 /* ColoredPolarGrid.swift */ = {isa = PBXFileReference; lastKnownFileType = sourcecode.swift; path = ColoredPolarGrid.swift; sourceTree = "<group>"; };
		D2759DD9213F79ED00C7FB65 /* PolarCell.swift */ = {isa = PBXFileReference; lastKnownFileType = sourcecode.swift; path = PolarCell.swift; sourceTree = "<group>"; };
		D28AA1EB210C035400898B17 /* HuntAndKill.swift */ = {isa = PBXFileReference; fileEncoding = 4; lastKnownFileType = sourcecode.swift; path = HuntAndKill.swift; sourceTree = "<group>"; };
		D28AA1ED210E301300898B17 /* RecursiveBacktracker.swift */ = {isa = PBXFileReference; fileEncoding = 4; lastKnownFileType = sourcecode.swift; path = RecursiveBacktracker.swift; sourceTree = "<group>"; };
		D28CA62021080D2E00D466BC /* Distances.swift */ = {isa = PBXFileReference; fileEncoding = 4; lastKnownFileType = sourcecode.swift; path = Distances.swift; sourceTree = "<group>"; };
		D28CA6222108182900D466BC /* DistanceGrid.swift */ = {isa = PBXFileReference; fileEncoding = 4; lastKnownFileType = sourcecode.swift; path = DistanceGrid.swift; sourceTree = "<group>"; };
		D2B345722144C3BE0034E71A /* RectCell.swift */ = {isa = PBXFileReference; lastKnownFileType = sourcecode.swift; path = RectCell.swift; sourceTree = "<group>"; };
		D2C7FB67210ABCE500386F74 /* AldousBroder.swift */ = {isa = PBXFileReference; fileEncoding = 4; lastKnownFileType = sourcecode.swift; path = AldousBroder.swift; sourceTree = "<group>"; };
		D2C7FB69210AC2DA00386F74 /* Wilsons.swift */ = {isa = PBXFileReference; fileEncoding = 4; lastKnownFileType = sourcecode.swift; path = Wilsons.swift; sourceTree = "<group>"; };
		D2DA180921050F5800EA5EBE /* Image.swift */ = {isa = PBXFileReference; fileEncoding = 4; lastKnownFileType = sourcecode.swift; path = Image.swift; sourceTree = "<group>"; };
		D2DA180B2106DA8800EA5EBE /* BinaryTree.swift */ = {isa = PBXFileReference; fileEncoding = 4; lastKnownFileType = sourcecode.swift; path = BinaryTree.swift; sourceTree = "<group>"; };
		D2DA180C2106DA8800EA5EBE /* Cell.swift */ = {isa = PBXFileReference; fileEncoding = 4; lastKnownFileType = sourcecode.swift; path = Cell.swift; sourceTree = "<group>"; };
		D2DA180D2106DA8800EA5EBE /* Grid.swift */ = {isa = PBXFileReference; fileEncoding = 4; lastKnownFileType = sourcecode.swift; path = Grid.swift; sourceTree = "<group>"; };
		D2DA180E2106DA8800EA5EBE /* Sidewinder.swift */ = {isa = PBXFileReference; fileEncoding = 4; lastKnownFileType = sourcecode.swift; path = Sidewinder.swift; sourceTree = "<group>"; };
		D2FC7B1E210959DC00E40F7A /* MazeGenerator.swift */ = {isa = PBXFileReference; fileEncoding = 4; lastKnownFileType = sourcecode.swift; path = MazeGenerator.swift; sourceTree = "<group>"; };
		D2FC7B20210967C700E40F7A /* ColoredGrid.swift */ = {isa = PBXFileReference; fileEncoding = 4; lastKnownFileType = sourcecode.swift; path = ColoredGrid.swift; sourceTree = "<group>"; };
/* End PBXFileReference section */

/* Begin PBXFrameworksBuildPhase section */
		D238C7ED2103CD9500909855 /* Frameworks */ = {
			isa = PBXFrameworksBuildPhase;
			buildActionMask = 2147483647;
			files = (
			);
			runOnlyForDeploymentPostprocessing = 0;
		};
/* End PBXFrameworksBuildPhase section */

/* Begin PBXGroup section */
		D238C7E72103CD9500909855 = {
			isa = PBXGroup;
			children = (
				D238C7F22103CD9600909855 /* Mazes */,
				D238C7F12103CD9600909855 /* Products */,
			);
			sourceTree = "<group>";
		};
		D238C7F12103CD9600909855 /* Products */ = {
			isa = PBXGroup;
			children = (
				D238C7F02103CD9600909855 /* Mazes */,
			);
			name = Products;
			sourceTree = "<group>";
		};
		D238C7F22103CD9600909855 /* Mazes */ = {
			isa = PBXGroup;
			children = (
				D238C7F32103CD9600909855 /* main.swift */,
				D2DA180C2106DA8800EA5EBE /* Cell.swift */,
				D2B345722144C3BE0034E71A /* RectCell.swift */,
				D2759DD9213F79ED00C7FB65 /* PolarCell.swift */,
				D201A1AA214B003A009D14BC /* HexCell.swift */,
				D201A1B6214B4B22009D14BC /* TriangleCell.swift */,
				D201A1C0214C60DB009D14BC /* PyramidCell.swift */,
				D201A1B2214B3133009D14BC /* CGContextExtensions.swift */,
				D2DA180921050F5800EA5EBE /* Image.swift */,
				D201A1AE214B08A2009D14BC /* RenderingMode.swift */,
				D2DA180D2106DA8800EA5EBE /* Grid.swift */,
				D28CA6222108182900D466BC /* DistanceGrid.swift */,
				D2FC7B20210967C700E40F7A /* ColoredGrid.swift */,
				290D3C6E211BDC300032DA6D /* MaskedGrid.swift */,
				D21DA623212BADAB0007FF2D /* PolarGrid.swift */,
				D27238932143733C006BF452 /* ColoredPolarGrid.swift */,
				D201A1AC214B0227009D14BC /* HexGrid.swift */,
				D201A1B0214B1AFE009D14BC /* ColoredHexGrid.swift */,
				D201A1B8214B4D6A009D14BC /* TriangleGrid.swift */,
				D201A1BA214B4F9D009D14BC /* ColoredTriangleGrid.swift */,
				D201A1BC214C4DF8009D14BC /* PyramidGrid.swift */,
				D201A1BE214C533B009D14BC /* ColoredPyramidGrid.swift */,
				D201A1B4214B31B5009D14BC /* IntExtensions.swift */,
				D28CA62021080D2E00D466BC /* Distances.swift */,
				29810C14211A9BEF004AD81C /* Mask.swift */,
				D2FC7B1E210959DC00E40F7A /* MazeGenerator.swift */,
				D2DA180E2106DA8800EA5EBE /* Sidewinder.swift */,
				D2DA180B2106DA8800EA5EBE /* BinaryTree.swift */,
				D2C7FB67210ABCE500386F74 /* AldousBroder.swift */,
				D2C7FB69210AC2DA00386F74 /* Wilsons.swift */,
				D28AA1EB210C035400898B17 /* HuntAndKill.swift */,
				D28AA1ED210E301300898B17 /* RecursiveBacktracker.swift */,
			);
			path = Mazes;
			sourceTree = "<group>";
		};
/* End PBXGroup section */

/* Begin PBXNativeTarget section */
		D238C7EF2103CD9500909855 /* Mazes */ = {
			isa = PBXNativeTarget;
			buildConfigurationList = D238C7F72103CD9600909855 /* Build configuration list for PBXNativeTarget "Mazes" */;
			buildPhases = (
				D238C7EC2103CD9500909855 /* Sources */,
				D238C7ED2103CD9500909855 /* Frameworks */,
				D238C7EE2103CD9500909855 /* CopyFiles */,
			);
			buildRules = (
			);
			dependencies = (
			);
			name = Mazes;
			productName = Mazes;
			productReference = D238C7F02103CD9600909855 /* Mazes */;
			productType = "com.apple.product-type.tool";
		};
/* End PBXNativeTarget section */

/* Begin PBXProject section */
		D238C7E82103CD9500909855 /* Project object */ = {
			isa = PBXProject;
			attributes = {
				LastSwiftUpdateCheck = 0820;
				LastUpgradeCheck = 0940;
				ORGANIZATIONNAME = self;
				TargetAttributes = {
					D238C7EF2103CD9500909855 = {
						CreatedOnToolsVersion = 8.2.1;
						DevelopmentTeam = U5K2PCXQE4;
						LastSwiftMigration = 0940;
						ProvisioningStyle = Automatic;
					};
				};
			};
			buildConfigurationList = D238C7EB2103CD9500909855 /* Build configuration list for PBXProject "Mazes" */;
			compatibilityVersion = "Xcode 3.2";
			developmentRegion = English;
			hasScannedForEncodings = 0;
			knownRegions = (
				en,
			);
			mainGroup = D238C7E72103CD9500909855;
			productRefGroup = D238C7F12103CD9600909855 /* Products */;
			projectDirPath = "";
			projectRoot = "";
			targets = (
				D238C7EF2103CD9500909855 /* Mazes */,
			);
		};
/* End PBXProject section */

/* Begin PBXSourcesBuildPhase section */
		D238C7EC2103CD9500909855 /* Sources */ = {
			isa = PBXSourcesBuildPhase;
			buildActionMask = 2147483647;
			files = (
				D2C7FB68210ABCE500386F74 /* AldousBroder.swift in Sources */,
				D2FC7B21210967C700E40F7A /* ColoredGrid.swift in Sources */,
				D201A1C1214C60DB009D14BC /* PyramidCell.swift in Sources */,
				D201A1B1214B1AFE009D14BC /* ColoredHexGrid.swift in Sources */,
				D2FC7B1F210959DC00E40F7A /* MazeGenerator.swift in Sources */,
				D201A1B7214B4B22009D14BC /* TriangleCell.swift in Sources */,
				D238C7F42103CD9600909855 /* main.swift in Sources */,
				D201A1AF214B08A2009D14BC /* RenderingMode.swift in Sources */,
				D201A1B3214B3133009D14BC /* CGContextExtensions.swift in Sources */,
				D201A1B5214B31B5009D14BC /* IntExtensions.swift in Sources */,
				D201A1BF214C533B009D14BC /* ColoredPyramidGrid.swift in Sources */,
				D201A1B9214B4D6A009D14BC /* TriangleGrid.swift in Sources */,
				D2DA18102106DA8800EA5EBE /* Cell.swift in Sources */,
				D27238942143733C006BF452 /* ColoredPolarGrid.swift in Sources */,
				D2DA180A21050F5800EA5EBE /* Image.swift in Sources */,
				290D3C6F211BDC300032DA6D /* MaskedGrid.swift in Sources */,
				D28CA62121080D2E00D466BC /* Distances.swift in Sources */,
				D2759DDA213F79ED00C7FB65 /* PolarCell.swift in Sources */,
				D2C7FB6A210AC2DA00386F74 /* Wilsons.swift in Sources */,
				D2B345732144C3BE0034E71A /* RectCell.swift in Sources */,
				D201A1BB214B4F9D009D14BC /* ColoredTriangleGrid.swift in Sources */,
				D21DA624212BADAB0007FF2D /* PolarGrid.swift in Sources */,
				D201A1AD214B0227009D14BC /* HexGrid.swift in Sources */,
				D28AA1EE210E301300898B17 /* RecursiveBacktracker.swift in Sources */,
				D2DA18112106DA8800EA5EBE /* Grid.swift in Sources */,
				D2DA180F2106DA8800EA5EBE /* BinaryTree.swift in Sources */,
				D201A1AB214B003A009D14BC /* HexCell.swift in Sources */,
				D28CA6232108182900D466BC /* DistanceGrid.swift in Sources */,
				D201A1BD214C4DF8009D14BC /* PyramidGrid.swift in Sources */,
				D28AA1EC210C035400898B17 /* HuntAndKill.swift in Sources */,
				D2DA18122106DA8800EA5EBE /* Sidewinder.swift in Sources */,
				29810C15211A9BEF004AD81C /* Mask.swift in Sources */,
			);
			runOnlyForDeploymentPostprocessing = 0;
		};
/* End PBXSourcesBuildPhase section */

/* Begin XCBuildConfiguration section */
		D238C7F52103CD9600909855 /* Debug */ = {
			isa = XCBuildConfiguration;
			buildSettings = {
				ALWAYS_SEARCH_USER_PATHS = NO;
				CLANG_ANALYZER_NONNULL = YES;
				CLANG_CXX_LANGUAGE_STANDARD = "gnu++0x";
				CLANG_CXX_LIBRARY = "libc++";
				CLANG_ENABLE_MODULES = YES;
				CLANG_ENABLE_OBJC_ARC = YES;
				CLANG_WARN_BLOCK_CAPTURE_AUTORELEASING = YES;
				CLANG_WARN_BOOL_CONVERSION = YES;
				CLANG_WARN_COMMA = YES;
				CLANG_WARN_CONSTANT_CONVERSION = YES;
				CLANG_WARN_DEPRECATED_OBJC_IMPLEMENTATIONS = YES;
				CLANG_WARN_DIRECT_OBJC_ISA_USAGE = YES_ERROR;
				CLANG_WARN_DOCUMENTATION_COMMENTS = YES;
				CLANG_WARN_EMPTY_BODY = YES;
				CLANG_WARN_ENUM_CONVERSION = YES;
				CLANG_WARN_INFINITE_RECURSION = YES;
				CLANG_WARN_INT_CONVERSION = YES;
				CLANG_WARN_NON_LITERAL_NULL_CONVERSION = YES;
				CLANG_WARN_OBJC_IMPLICIT_RETAIN_SELF = YES;
				CLANG_WARN_OBJC_LITERAL_CONVERSION = YES;
				CLANG_WARN_OBJC_ROOT_CLASS = YES_ERROR;
				CLANG_WARN_RANGE_LOOP_ANALYSIS = YES;
				CLANG_WARN_STRICT_PROTOTYPES = YES;
				CLANG_WARN_SUSPICIOUS_MOVE = YES;
				CLANG_WARN_UNREACHABLE_CODE = YES;
				CLANG_WARN__DUPLICATE_METHOD_MATCH = YES;
				CODE_SIGN_IDENTITY = "-";
				COPY_PHASE_STRIP = NO;
				DEBUG_INFORMATION_FORMAT = dwarf;
				ENABLE_STRICT_OBJC_MSGSEND = YES;
				ENABLE_TESTABILITY = YES;
				GCC_C_LANGUAGE_STANDARD = gnu99;
				GCC_DYNAMIC_NO_PIC = NO;
				GCC_NO_COMMON_BLOCKS = YES;
				GCC_OPTIMIZATION_LEVEL = 0;
				GCC_PREPROCESSOR_DEFINITIONS = (
					"DEBUG=1",
					"$(inherited)",
				);
				GCC_WARN_64_TO_32_BIT_CONVERSION = YES;
				GCC_WARN_ABOUT_RETURN_TYPE = YES_ERROR;
				GCC_WARN_UNDECLARED_SELECTOR = YES;
				GCC_WARN_UNINITIALIZED_AUTOS = YES_AGGRESSIVE;
				GCC_WARN_UNUSED_FUNCTION = YES;
				GCC_WARN_UNUSED_VARIABLE = YES;
				MACOSX_DEPLOYMENT_TARGET = 10.11;
				MTL_ENABLE_DEBUG_INFO = YES;
				ONLY_ACTIVE_ARCH = YES;
				SDKROOT = macosx;
				SWIFT_OPTIMIZATION_LEVEL = "-Onone";
			};
			name = Debug;
		};
		D238C7F62103CD9600909855 /* Release */ = {
			isa = XCBuildConfiguration;
			buildSettings = {
				ALWAYS_SEARCH_USER_PATHS = NO;
				CLANG_ANALYZER_NONNULL = YES;
				CLANG_CXX_LANGUAGE_STANDARD = "gnu++0x";
				CLANG_CXX_LIBRARY = "libc++";
				CLANG_ENABLE_MODULES = YES;
				CLANG_ENABLE_OBJC_ARC = YES;
				CLANG_WARN_BLOCK_CAPTURE_AUTORELEASING = YES;
				CLANG_WARN_BOOL_CONVERSION = YES;
				CLANG_WARN_COMMA = YES;
				CLANG_WARN_CONSTANT_CONVERSION = YES;
				CLANG_WARN_DEPRECATED_OBJC_IMPLEMENTATIONS = YES;
				CLANG_WARN_DIRECT_OBJC_ISA_USAGE = YES_ERROR;
				CLANG_WARN_DOCUMENTATION_COMMENTS = YES;
				CLANG_WARN_EMPTY_BODY = YES;
				CLANG_WARN_ENUM_CONVERSION = YES;
				CLANG_WARN_INFINITE_RECURSION = YES;
				CLANG_WARN_INT_CONVERSION = YES;
				CLANG_WARN_NON_LITERAL_NULL_CONVERSION = YES;
				CLANG_WARN_OBJC_IMPLICIT_RETAIN_SELF = YES;
				CLANG_WARN_OBJC_LITERAL_CONVERSION = YES;
				CLANG_WARN_OBJC_ROOT_CLASS = YES_ERROR;
				CLANG_WARN_RANGE_LOOP_ANALYSIS = YES;
				CLANG_WARN_STRICT_PROTOTYPES = YES;
				CLANG_WARN_SUSPICIOUS_MOVE = YES;
				CLANG_WARN_UNREACHABLE_CODE = YES;
				CLANG_WARN__DUPLICATE_METHOD_MATCH = YES;
				CODE_SIGN_IDENTITY = "-";
				COPY_PHASE_STRIP = NO;
				DEBUG_INFORMATION_FORMAT = "dwarf-with-dsym";
				ENABLE_NS_ASSERTIONS = NO;
				ENABLE_STRICT_OBJC_MSGSEND = YES;
				GCC_C_LANGUAGE_STANDARD = gnu99;
				GCC_NO_COMMON_BLOCKS = YES;
				GCC_WARN_64_TO_32_BIT_CONVERSION = YES;
				GCC_WARN_ABOUT_RETURN_TYPE = YES_ERROR;
				GCC_WARN_UNDECLARED_SELECTOR = YES;
				GCC_WARN_UNINITIALIZED_AUTOS = YES_AGGRESSIVE;
				GCC_WARN_UNUSED_FUNCTION = YES;
				GCC_WARN_UNUSED_VARIABLE = YES;
				MACOSX_DEPLOYMENT_TARGET = 10.11;
				MTL_ENABLE_DEBUG_INFO = NO;
				SDKROOT = macosx;
				SWIFT_COMPILATION_MODE = wholemodule;
			};
			name = Release;
		};
		D238C7F82103CD9600909855 /* Debug */ = {
			isa = XCBuildConfiguration;
			buildSettings = {
				DEVELOPMENT_TEAM = U5K2PCXQE4;
				PRODUCT_NAME = "$(TARGET_NAME)";
				SWIFT_SWIFT3_OBJC_INFERENCE = Default;
				SWIFT_VERSION = 4.0;
			};
			name = Debug;
		};
		D238C7F92103CD9600909855 /* Release */ = {
			isa = XCBuildConfiguration;
			buildSettings = {
				DEVELOPMENT_TEAM = U5K2PCXQE4;
				PRODUCT_NAME = "$(TARGET_NAME)";
				SWIFT_SWIFT3_OBJC_INFERENCE = Default;
				SWIFT_VERSION = 4.0;
			};
			name = Release;
		};
/* End XCBuildConfiguration section */

/* Begin XCConfigurationList section */
		D238C7EB2103CD9500909855 /* Build configuration list for PBXProject "Mazes" */ = {
			isa = XCConfigurationList;
			buildConfigurations = (
				D238C7F52103CD9600909855 /* Debug */,
				D238C7F62103CD9600909855 /* Release */,
			);
			defaultConfigurationIsVisible = 0;
			defaultConfigurationName = Release;
		};
		D238C7F72103CD9600909855 /* Build configuration list for PBXNativeTarget "Mazes" */ = {
			isa = XCConfigurationList;
			buildConfigurations = (
				D238C7F82103CD9600909855 /* Debug */,
				D238C7F92103CD9600909855 /* Release */,
			);
			defaultConfigurationIsVisible = 0;
			defaultConfigurationName = Release;
		};
/* End XCConfigurationList section */
	};
	rootObject = D238C7E82103CD9500909855 /* Project object */;
}
