// !$*UTF8*$!
{
	archiveVersion = 1;
	classes = {
	};
	objectVersion = 46;
	objects = {

/* Begin PBXBuildFile section */
		D21955E2216C4642003703C5 /* DiamondGrid.swift in Sources */ = {isa = PBXBuildFile; fileRef = D21955E1216C4642003703C5 /* DiamondGrid.swift */; };
		D21955E3216C4642003703C5 /* DiamondGrid.swift in Sources */ = {isa = PBXBuildFile; fileRef = D21955E1216C4642003703C5 /* DiamondGrid.swift */; };
		D21955E5216C468A003703C5 /* ColoredDiamondGrid.swift in Sources */ = {isa = PBXBuildFile; fileRef = D21955E4216C468A003703C5 /* ColoredDiamondGrid.swift */; };
		D21955E6216C468A003703C5 /* ColoredDiamondGrid.swift in Sources */ = {isa = PBXBuildFile; fileRef = D21955E4216C468A003703C5 /* ColoredDiamondGrid.swift */; };
		D21955E8216C474E003703C5 /* DiamondCell.swift in Sources */ = {isa = PBXBuildFile; fileRef = D21955E7216C474E003703C5 /* DiamondCell.swift */; };
		D21955E9216C474E003703C5 /* DiamondCell.swift in Sources */ = {isa = PBXBuildFile; fileRef = D21955E7216C474E003703C5 /* DiamondCell.swift */; };
		D21955EB216C527F003703C5 /* DiamondMazeHelper.swift in Sources */ = {isa = PBXBuildFile; fileRef = D21955EA216C527E003703C5 /* DiamondMazeHelper.swift */; };
		D21955EC216C527F003703C5 /* DiamondMazeHelper.swift in Sources */ = {isa = PBXBuildFile; fileRef = D21955EA216C527E003703C5 /* DiamondMazeHelper.swift */; };
		D22B3FB12151E79800E8FB06 /* maze.h in Headers */ = {isa = PBXBuildFile; fileRef = D22B3FAF2151E79800E8FB06 /* maze.h */; settings = {ATTRIBUTES = (Public, ); }; };
		D22B3FBC2151E7D400E8FB06 /* AppDelegate.swift in Sources */ = {isa = PBXBuildFile; fileRef = D22B3FBB2151E7D400E8FB06 /* AppDelegate.swift */; };
		D22B3FBE2151E7D400E8FB06 /* MasterViewController.swift in Sources */ = {isa = PBXBuildFile; fileRef = D22B3FBD2151E7D400E8FB06 /* MasterViewController.swift */; };
		D22B3FC02151E7D400E8FB06 /* DetailViewController.swift in Sources */ = {isa = PBXBuildFile; fileRef = D22B3FBF2151E7D400E8FB06 /* DetailViewController.swift */; };
		D22B3FC32151E7D400E8FB06 /* Main.storyboard in Resources */ = {isa = PBXBuildFile; fileRef = D22B3FC12151E7D400E8FB06 /* Main.storyboard */; };
		D22B3FC52151E7D800E8FB06 /* Assets.xcassets in Resources */ = {isa = PBXBuildFile; fileRef = D22B3FC42151E7D800E8FB06 /* Assets.xcassets */; };
		D22B3FC82151E7D800E8FB06 /* LaunchScreen.storyboard in Resources */ = {isa = PBXBuildFile; fileRef = D22B3FC62151E7D800E8FB06 /* LaunchScreen.storyboard */; };
		D22B3FF62151EC5000E8FB06 /* MazeKit.framework in Frameworks */ = {isa = PBXBuildFile; fileRef = D22B3FAD2151E79700E8FB06 /* MazeKit.framework */; };
		D22B3FF92151ECB900E8FB06 /* MazeHelper.swift in Sources */ = {isa = PBXBuildFile; fileRef = D22B3F9D2150A08200E8FB06 /* MazeHelper.swift */; };
		D22B3FFA2151ECB900E8FB06 /* Sidewinder.swift in Sources */ = {isa = PBXBuildFile; fileRef = D2DA180E2106DA8800EA5EBE /* Sidewinder.swift */; };
		D22B3FFB2151ECB900E8FB06 /* CircularMazeHelper.swift in Sources */ = {isa = PBXBuildFile; fileRef = D22B3F9F2150A0AD00E8FB06 /* CircularMazeHelper.swift */; };
		D22B3FFC2151ECB900E8FB06 /* MazeGenerator.swift in Sources */ = {isa = PBXBuildFile; fileRef = D2FC7B1E210959DC00E40F7A /* MazeGenerator.swift */; };
		D22B3FFD2151ECB900E8FB06 /* PolarGrid.swift in Sources */ = {isa = PBXBuildFile; fileRef = D21DA623212BADAB0007FF2D /* PolarGrid.swift */; };
		D22B3FFE2151ECB900E8FB06 /* ColoredTriangleGrid.swift in Sources */ = {isa = PBXBuildFile; fileRef = D201A1BA214B4F9D009D14BC /* ColoredTriangleGrid.swift */; };
		D22B3FFF2151ECB900E8FB06 /* Grid.swift in Sources */ = {isa = PBXBuildFile; fileRef = D2DA180D2106DA8800EA5EBE /* Grid.swift */; };
		D22B40002151ECB900E8FB06 /* PyramidGrid.swift in Sources */ = {isa = PBXBuildFile; fileRef = D201A1BC214C4DF8009D14BC /* PyramidGrid.swift */; };
		D22B40012151ECB900E8FB06 /* TriangleCell.swift in Sources */ = {isa = PBXBuildFile; fileRef = D201A1B6214B4B22009D14BC /* TriangleCell.swift */; };
		D22B40022151ECB900E8FB06 /* Random.swift in Sources */ = {isa = PBXBuildFile; fileRef = D22B3F9921508AA800E8FB06 /* Random.swift */; };
		D22B40032151ECB900E8FB06 /* CollectionExtension.swift in Sources */ = {isa = PBXBuildFile; fileRef = D22B3F9B21509C9500E8FB06 /* CollectionExtension.swift */; };
		D22B40042151ECB900E8FB06 /* HexagonalMazeHelper.swift in Sources */ = {isa = PBXBuildFile; fileRef = D22B3FA12150A0DA00E8FB06 /* HexagonalMazeHelper.swift */; };
		D22B40052151ECB900E8FB06 /* ColoredGrid.swift in Sources */ = {isa = PBXBuildFile; fileRef = D2FC7B20210967C700E40F7A /* ColoredGrid.swift */; };
		D22B40062151ECB900E8FB06 /* AldousBroder.swift in Sources */ = {isa = PBXBuildFile; fileRef = D2C7FB67210ABCE500386F74 /* AldousBroder.swift */; };
		D22B40072151ECB900E8FB06 /* HexCell.swift in Sources */ = {isa = PBXBuildFile; fileRef = D201A1AA214B003A009D14BC /* HexCell.swift */; };
		D22B40082151ECB900E8FB06 /* PyramidCell.swift in Sources */ = {isa = PBXBuildFile; fileRef = D201A1C0214C60DB009D14BC /* PyramidCell.swift */; };
		D22B40092151ECB900E8FB06 /* PolarCell.swift in Sources */ = {isa = PBXBuildFile; fileRef = D2759DD9213F79ED00C7FB65 /* PolarCell.swift */; };
		D22B400A2151ECB900E8FB06 /* Image.swift in Sources */ = {isa = PBXBuildFile; fileRef = D2DA180921050F5800EA5EBE /* Image.swift */; };
		D22B400B2151ECB900E8FB06 /* PyramidMazeHelper.swift in Sources */ = {isa = PBXBuildFile; fileRef = D22B3FA52150A11D00E8FB06 /* PyramidMazeHelper.swift */; };
		D22B400C2151ECB900E8FB06 /* HexGrid.swift in Sources */ = {isa = PBXBuildFile; fileRef = D201A1AC214B0227009D14BC /* HexGrid.swift */; };
		D22B400D2151ECB900E8FB06 /* Wilsons.swift in Sources */ = {isa = PBXBuildFile; fileRef = D2C7FB69210AC2DA00386F74 /* Wilsons.swift */; };
		D22B400E2151ECB900E8FB06 /* ColoredPolarGrid.swift in Sources */ = {isa = PBXBuildFile; fileRef = D27238932143733C006BF452 /* ColoredPolarGrid.swift */; };
		D22B400F2151ECB900E8FB06 /* MaskedGrid.swift in Sources */ = {isa = PBXBuildFile; fileRef = 290D3C6E211BDC300032DA6D /* MaskedGrid.swift */; };
		D22B40102151ECB900E8FB06 /* CGContextExtensions.swift in Sources */ = {isa = PBXBuildFile; fileRef = D201A1B2214B3133009D14BC /* CGContextExtensions.swift */; };
		D22B40112151ECB900E8FB06 /* TriangleGrid.swift in Sources */ = {isa = PBXBuildFile; fileRef = D201A1B8214B4D6A009D14BC /* TriangleGrid.swift */; };
		D22B40122151ECB900E8FB06 /* HuntAndKill.swift in Sources */ = {isa = PBXBuildFile; fileRef = D28AA1EB210C035400898B17 /* HuntAndKill.swift */; };
		D22B40132151ECB900E8FB06 /* ColoredHexGrid.swift in Sources */ = {isa = PBXBuildFile; fileRef = D201A1B0214B1AFE009D14BC /* ColoredHexGrid.swift */; };
		D22B40142151ECB900E8FB06 /* ColoredPyramidGrid.swift in Sources */ = {isa = PBXBuildFile; fileRef = D201A1BE214C533B009D14BC /* ColoredPyramidGrid.swift */; };
		D22B40152151ECB900E8FB06 /* RenderingMode.swift in Sources */ = {isa = PBXBuildFile; fileRef = D201A1AE214B08A2009D14BC /* RenderingMode.swift */; };
		D22B40162151ECB900E8FB06 /* IntExtensions.swift in Sources */ = {isa = PBXBuildFile; fileRef = D201A1B4214B31B5009D14BC /* IntExtensions.swift */; };
		D22B40172151ECB900E8FB06 /* Distances.swift in Sources */ = {isa = PBXBuildFile; fileRef = D28CA62021080D2E00D466BC /* Distances.swift */; };
		D22B40182151ECB900E8FB06 /* Mask.swift in Sources */ = {isa = PBXBuildFile; fileRef = 29810C14211A9BEF004AD81C /* Mask.swift */; };
		D22B40192151ECB900E8FB06 /* BinaryTree.swift in Sources */ = {isa = PBXBuildFile; fileRef = D2DA180B2106DA8800EA5EBE /* BinaryTree.swift */; };
		D22B401A2151ECB900E8FB06 /* Cell.swift in Sources */ = {isa = PBXBuildFile; fileRef = D2DA180C2106DA8800EA5EBE /* Cell.swift */; };
		D22B401B2151ECB900E8FB06 /* DistanceGrid.swift in Sources */ = {isa = PBXBuildFile; fileRef = D28CA6222108182900D466BC /* DistanceGrid.swift */; };
		D22B401C2151ECB900E8FB06 /* RecursiveBacktracker.swift in Sources */ = {isa = PBXBuildFile; fileRef = D28AA1ED210E301300898B17 /* RecursiveBacktracker.swift */; };
		D22B401D2151ECB900E8FB06 /* RectCell.swift in Sources */ = {isa = PBXBuildFile; fileRef = D2B345722144C3BE0034E71A /* RectCell.swift */; };
		D22B401E2151ECB900E8FB06 /* TriangularMazeHelper.swift in Sources */ = {isa = PBXBuildFile; fileRef = D22B3FA32150A10000E8FB06 /* TriangularMazeHelper.swift */; };
		D22B40202151F04400E8FB06 /* Mazes.plist in Resources */ = {isa = PBXBuildFile; fileRef = D22B401F2151F04400E8FB06 /* Mazes.plist */; };
		D22B40212151F80900E8FB06 /* MazeHelper.swift in Sources */ = {isa = PBXBuildFile; fileRef = D22B3F9D2150A08200E8FB06 /* MazeHelper.swift */; };
		D22B40222151F80900E8FB06 /* CircularMazeHelper.swift in Sources */ = {isa = PBXBuildFile; fileRef = D22B3F9F2150A0AD00E8FB06 /* CircularMazeHelper.swift */; };
		D22B40232151F80900E8FB06 /* HexagonalMazeHelper.swift in Sources */ = {isa = PBXBuildFile; fileRef = D22B3FA12150A0DA00E8FB06 /* HexagonalMazeHelper.swift */; };
		D22B40242151F80900E8FB06 /* TriangularMazeHelper.swift in Sources */ = {isa = PBXBuildFile; fileRef = D22B3FA32150A10000E8FB06 /* TriangularMazeHelper.swift */; };
		D22B40252151F80900E8FB06 /* PyramidMazeHelper.swift in Sources */ = {isa = PBXBuildFile; fileRef = D22B3FA52150A11D00E8FB06 /* PyramidMazeHelper.swift */; };
		D22B40262151F80900E8FB06 /* Cell.swift in Sources */ = {isa = PBXBuildFile; fileRef = D2DA180C2106DA8800EA5EBE /* Cell.swift */; };
		D22B40272151F80900E8FB06 /* RectCell.swift in Sources */ = {isa = PBXBuildFile; fileRef = D2B345722144C3BE0034E71A /* RectCell.swift */; };
		D22B40282151F80900E8FB06 /* PolarCell.swift in Sources */ = {isa = PBXBuildFile; fileRef = D2759DD9213F79ED00C7FB65 /* PolarCell.swift */; };
		D22B40292151F80900E8FB06 /* HexCell.swift in Sources */ = {isa = PBXBuildFile; fileRef = D201A1AA214B003A009D14BC /* HexCell.swift */; };
		D22B402A2151F80900E8FB06 /* TriangleCell.swift in Sources */ = {isa = PBXBuildFile; fileRef = D201A1B6214B4B22009D14BC /* TriangleCell.swift */; };
		D22B402B2151F80900E8FB06 /* PyramidCell.swift in Sources */ = {isa = PBXBuildFile; fileRef = D201A1C0214C60DB009D14BC /* PyramidCell.swift */; };
		D22B402C2151F80900E8FB06 /* CGContextExtensions.swift in Sources */ = {isa = PBXBuildFile; fileRef = D201A1B2214B3133009D14BC /* CGContextExtensions.swift */; };
		D22B402D2151F80900E8FB06 /* Image.swift in Sources */ = {isa = PBXBuildFile; fileRef = D2DA180921050F5800EA5EBE /* Image.swift */; };
		D22B402E2151F80900E8FB06 /* RenderingMode.swift in Sources */ = {isa = PBXBuildFile; fileRef = D201A1AE214B08A2009D14BC /* RenderingMode.swift */; };
		D22B402F2151F80900E8FB06 /* Random.swift in Sources */ = {isa = PBXBuildFile; fileRef = D22B3F9921508AA800E8FB06 /* Random.swift */; };
		D22B40302151F80900E8FB06 /* CollectionExtension.swift in Sources */ = {isa = PBXBuildFile; fileRef = D22B3F9B21509C9500E8FB06 /* CollectionExtension.swift */; };
		D22B40312151F80900E8FB06 /* Grid.swift in Sources */ = {isa = PBXBuildFile; fileRef = D2DA180D2106DA8800EA5EBE /* Grid.swift */; };
		D22B40322151F80900E8FB06 /* DistanceGrid.swift in Sources */ = {isa = PBXBuildFile; fileRef = D28CA6222108182900D466BC /* DistanceGrid.swift */; };
		D22B40332151F80900E8FB06 /* ColoredGrid.swift in Sources */ = {isa = PBXBuildFile; fileRef = D2FC7B20210967C700E40F7A /* ColoredGrid.swift */; };
		D22B40342151F80900E8FB06 /* MaskedGrid.swift in Sources */ = {isa = PBXBuildFile; fileRef = 290D3C6E211BDC300032DA6D /* MaskedGrid.swift */; };
		D22B40352151F80900E8FB06 /* PolarGrid.swift in Sources */ = {isa = PBXBuildFile; fileRef = D21DA623212BADAB0007FF2D /* PolarGrid.swift */; };
		D22B40362151F80900E8FB06 /* ColoredPolarGrid.swift in Sources */ = {isa = PBXBuildFile; fileRef = D27238932143733C006BF452 /* ColoredPolarGrid.swift */; };
		D22B40372151F80900E8FB06 /* HexGrid.swift in Sources */ = {isa = PBXBuildFile; fileRef = D201A1AC214B0227009D14BC /* HexGrid.swift */; };
		D22B40382151F80900E8FB06 /* ColoredHexGrid.swift in Sources */ = {isa = PBXBuildFile; fileRef = D201A1B0214B1AFE009D14BC /* ColoredHexGrid.swift */; };
		D22B40392151F80900E8FB06 /* TriangleGrid.swift in Sources */ = {isa = PBXBuildFile; fileRef = D201A1B8214B4D6A009D14BC /* TriangleGrid.swift */; };
		D22B403A2151F80900E8FB06 /* ColoredTriangleGrid.swift in Sources */ = {isa = PBXBuildFile; fileRef = D201A1BA214B4F9D009D14BC /* ColoredTriangleGrid.swift */; };
		D22B403B2151F80900E8FB06 /* PyramidGrid.swift in Sources */ = {isa = PBXBuildFile; fileRef = D201A1BC214C4DF8009D14BC /* PyramidGrid.swift */; };
		D22B403C2151F80900E8FB06 /* ColoredPyramidGrid.swift in Sources */ = {isa = PBXBuildFile; fileRef = D201A1BE214C533B009D14BC /* ColoredPyramidGrid.swift */; };
		D22B403D2151F80900E8FB06 /* IntExtensions.swift in Sources */ = {isa = PBXBuildFile; fileRef = D201A1B4214B31B5009D14BC /* IntExtensions.swift */; };
		D22B403E2151F80900E8FB06 /* Distances.swift in Sources */ = {isa = PBXBuildFile; fileRef = D28CA62021080D2E00D466BC /* Distances.swift */; };
		D22B403F2151F80900E8FB06 /* Mask.swift in Sources */ = {isa = PBXBuildFile; fileRef = 29810C14211A9BEF004AD81C /* Mask.swift */; };
		D22B40402151F80900E8FB06 /* MazeGenerator.swift in Sources */ = {isa = PBXBuildFile; fileRef = D2FC7B1E210959DC00E40F7A /* MazeGenerator.swift */; };
		D22B40412151F80900E8FB06 /* Sidewinder.swift in Sources */ = {isa = PBXBuildFile; fileRef = D2DA180E2106DA8800EA5EBE /* Sidewinder.swift */; };
		D22B40422151F80900E8FB06 /* BinaryTree.swift in Sources */ = {isa = PBXBuildFile; fileRef = D2DA180B2106DA8800EA5EBE /* BinaryTree.swift */; };
		D22B40432151F80900E8FB06 /* AldousBroder.swift in Sources */ = {isa = PBXBuildFile; fileRef = D2C7FB67210ABCE500386F74 /* AldousBroder.swift */; };
		D22B40442151F80900E8FB06 /* Wilsons.swift in Sources */ = {isa = PBXBuildFile; fileRef = D2C7FB69210AC2DA00386F74 /* Wilsons.swift */; };
		D22B40452151F80900E8FB06 /* HuntAndKill.swift in Sources */ = {isa = PBXBuildFile; fileRef = D28AA1EB210C035400898B17 /* HuntAndKill.swift */; };
		D22B40462151F80900E8FB06 /* RecursiveBacktracker.swift in Sources */ = {isa = PBXBuildFile; fileRef = D28AA1ED210E301300898B17 /* RecursiveBacktracker.swift */; };
		D22C730321549478007CB6B4 /* MazeKit.framework in Embed Frameworks */ = {isa = PBXBuildFile; fileRef = D22B3FAD2151E79700E8FB06 /* MazeKit.framework */; settings = {ATTRIBUTES = (CodeSignOnCopy, RemoveHeadersOnCopy, ); }; };
		D238C7F42103CD9600909855 /* main.swift in Sources */ = {isa = PBXBuildFile; fileRef = D238C7F32103CD9600909855 /* main.swift */; };
		D23933E62157FA7300920688 /* SettingsViewController.swift in Sources */ = {isa = PBXBuildFile; fileRef = D23933E52157FA7300920688 /* SettingsViewController.swift */; };
		D27CE56D215B21D10029514A /* MazeSettings.swift in Sources */ = {isa = PBXBuildFile; fileRef = D27CE56C215B21D10029514A /* MazeSettings.swift */; };
		D2A66C5E216847D400EA8DFC /* SimplePickerDataSource.swift in Sources */ = {isa = PBXBuildFile; fileRef = D2A66C5D216847D400EA8DFC /* SimplePickerDataSource.swift */; };
		D2A66C602168560800EA8DFC /* ColoredMaskedGrid.swift in Sources */ = {isa = PBXBuildFile; fileRef = D2A66C5F2168560800EA8DFC /* ColoredMaskedGrid.swift */; };
		D2A66C612168592A00EA8DFC /* ColoredMaskedGrid.swift in Sources */ = {isa = PBXBuildFile; fileRef = D2A66C5F2168560800EA8DFC /* ColoredMaskedGrid.swift */; };
		D2D642382153369600949CB5 /* ChooseMazeCell.swift in Sources */ = {isa = PBXBuildFile; fileRef = D2D642372153369600949CB5 /* ChooseMazeCell.swift */; };
		D2F5531B21A25E4B0057C2E6 /* WeightedCell.swift in Sources */ = {isa = PBXBuildFile; fileRef = D2F5531A21A25E4B0057C2E6 /* WeightedCell.swift */; };
		D2F5531C21A25E4B0057C2E6 /* WeightedCell.swift in Sources */ = {isa = PBXBuildFile; fileRef = D2F5531A21A25E4B0057C2E6 /* WeightedCell.swift */; };
		D2F5531E21A269250057C2E6 /* WeightedGrid.swift in Sources */ = {isa = PBXBuildFile; fileRef = D2F5531D21A269250057C2E6 /* WeightedGrid.swift */; };
		D2F5531F21A269250057C2E6 /* WeightedGrid.swift in Sources */ = {isa = PBXBuildFile; fileRef = D2F5531D21A269250057C2E6 /* WeightedGrid.swift */; };
/* End PBXBuildFile section */

/* Begin PBXContainerItemProxy section */
		D22B3FF32151EC4100E8FB06 /* PBXContainerItemProxy */ = {
			isa = PBXContainerItemProxy;
			containerPortal = D238C7E82103CD9500909855 /* Project object */;
			proxyType = 1;
			remoteGlobalIDString = D22B3FAC2151E79700E8FB06;
			remoteInfo = maze;
		};
/* End PBXContainerItemProxy section */

/* Begin PBXCopyFilesBuildPhase section */
		D22C730421549479007CB6B4 /* Embed Frameworks */ = {
			isa = PBXCopyFilesBuildPhase;
			buildActionMask = 2147483647;
			dstPath = "";
			dstSubfolderSpec = 10;
			files = (
				D22C730321549478007CB6B4 /* MazeKit.framework in Embed Frameworks */,
			);
			name = "Embed Frameworks";
			runOnlyForDeploymentPostprocessing = 0;
		};
		D238C7EE2103CD9500909855 /* CopyFiles */ = {
			isa = PBXCopyFilesBuildPhase;
			buildActionMask = 2147483647;
			dstPath = /usr/share/man/man1/;
			dstSubfolderSpec = 0;
			files = (
			);
			runOnlyForDeploymentPostprocessing = 1;
		};
/* End PBXCopyFilesBuildPhase section */

/* Begin PBXFileReference section */
		290D3C6E211BDC300032DA6D /* MaskedGrid.swift */ = {isa = PBXFileReference; lastKnownFileType = sourcecode.swift; path = MaskedGrid.swift; sourceTree = "<group>"; };
		29810C14211A9BEF004AD81C /* Mask.swift */ = {isa = PBXFileReference; lastKnownFileType = sourcecode.swift; path = Mask.swift; sourceTree = "<group>"; };
		D201A1AA214B003A009D14BC /* HexCell.swift */ = {isa = PBXFileReference; lastKnownFileType = sourcecode.swift; path = HexCell.swift; sourceTree = "<group>"; };
		D201A1AC214B0227009D14BC /* HexGrid.swift */ = {isa = PBXFileReference; lastKnownFileType = sourcecode.swift; path = HexGrid.swift; sourceTree = "<group>"; };
		D201A1AE214B08A2009D14BC /* RenderingMode.swift */ = {isa = PBXFileReference; lastKnownFileType = sourcecode.swift; path = RenderingMode.swift; sourceTree = "<group>"; };
		D201A1B0214B1AFE009D14BC /* ColoredHexGrid.swift */ = {isa = PBXFileReference; lastKnownFileType = sourcecode.swift; path = ColoredHexGrid.swift; sourceTree = "<group>"; };
		D201A1B2214B3133009D14BC /* CGContextExtensions.swift */ = {isa = PBXFileReference; lastKnownFileType = sourcecode.swift; path = CGContextExtensions.swift; sourceTree = "<group>"; };
		D201A1B4214B31B5009D14BC /* IntExtensions.swift */ = {isa = PBXFileReference; lastKnownFileType = sourcecode.swift; path = IntExtensions.swift; sourceTree = "<group>"; };
		D201A1B6214B4B22009D14BC /* TriangleCell.swift */ = {isa = PBXFileReference; lastKnownFileType = sourcecode.swift; path = TriangleCell.swift; sourceTree = "<group>"; };
		D201A1B8214B4D6A009D14BC /* TriangleGrid.swift */ = {isa = PBXFileReference; lastKnownFileType = sourcecode.swift; path = TriangleGrid.swift; sourceTree = "<group>"; };
		D201A1BA214B4F9D009D14BC /* ColoredTriangleGrid.swift */ = {isa = PBXFileReference; lastKnownFileType = sourcecode.swift; path = ColoredTriangleGrid.swift; sourceTree = "<group>"; };
		D201A1BC214C4DF8009D14BC /* PyramidGrid.swift */ = {isa = PBXFileReference; lastKnownFileType = sourcecode.swift; path = PyramidGrid.swift; sourceTree = "<group>"; };
		D201A1BE214C533B009D14BC /* ColoredPyramidGrid.swift */ = {isa = PBXFileReference; lastKnownFileType = sourcecode.swift; path = ColoredPyramidGrid.swift; sourceTree = "<group>"; };
		D201A1C0214C60DB009D14BC /* PyramidCell.swift */ = {isa = PBXFileReference; lastKnownFileType = sourcecode.swift; path = PyramidCell.swift; sourceTree = "<group>"; };
		D21955E1216C4642003703C5 /* DiamondGrid.swift */ = {isa = PBXFileReference; lastKnownFileType = sourcecode.swift; path = DiamondGrid.swift; sourceTree = "<group>"; };
		D21955E4216C468A003703C5 /* ColoredDiamondGrid.swift */ = {isa = PBXFileReference; lastKnownFileType = sourcecode.swift; path = ColoredDiamondGrid.swift; sourceTree = "<group>"; };
		D21955E7216C474E003703C5 /* DiamondCell.swift */ = {isa = PBXFileReference; lastKnownFileType = sourcecode.swift; path = DiamondCell.swift; sourceTree = "<group>"; };
		D21955EA216C527E003703C5 /* DiamondMazeHelper.swift */ = {isa = PBXFileReference; lastKnownFileType = sourcecode.swift; path = DiamondMazeHelper.swift; sourceTree = "<group>"; };
		D21DA623212BADAB0007FF2D /* PolarGrid.swift */ = {isa = PBXFileReference; fileEncoding = 4; lastKnownFileType = sourcecode.swift; path = PolarGrid.swift; sourceTree = "<group>"; };
		D22B3F9921508AA800E8FB06 /* Random.swift */ = {isa = PBXFileReference; lastKnownFileType = sourcecode.swift; path = Random.swift; sourceTree = "<group>"; };
		D22B3F9B21509C9500E8FB06 /* CollectionExtension.swift */ = {isa = PBXFileReference; lastKnownFileType = sourcecode.swift; path = CollectionExtension.swift; sourceTree = "<group>"; };
		D22B3F9D2150A08200E8FB06 /* MazeHelper.swift */ = {isa = PBXFileReference; lastKnownFileType = sourcecode.swift; path = MazeHelper.swift; sourceTree = "<group>"; };
		D22B3F9F2150A0AD00E8FB06 /* CircularMazeHelper.swift */ = {isa = PBXFileReference; lastKnownFileType = sourcecode.swift; path = CircularMazeHelper.swift; sourceTree = "<group>"; };
		D22B3FA12150A0DA00E8FB06 /* HexagonalMazeHelper.swift */ = {isa = PBXFileReference; lastKnownFileType = sourcecode.swift; path = HexagonalMazeHelper.swift; sourceTree = "<group>"; };
		D22B3FA32150A10000E8FB06 /* TriangularMazeHelper.swift */ = {isa = PBXFileReference; lastKnownFileType = sourcecode.swift; path = TriangularMazeHelper.swift; sourceTree = "<group>"; };
		D22B3FA52150A11D00E8FB06 /* PyramidMazeHelper.swift */ = {isa = PBXFileReference; lastKnownFileType = sourcecode.swift; path = PyramidMazeHelper.swift; sourceTree = "<group>"; };
		D22B3FAD2151E79700E8FB06 /* MazeKit.framework */ = {isa = PBXFileReference; explicitFileType = wrapper.framework; includeInIndex = 0; path = MazeKit.framework; sourceTree = BUILT_PRODUCTS_DIR; };
		D22B3FAF2151E79800E8FB06 /* maze.h */ = {isa = PBXFileReference; lastKnownFileType = sourcecode.c.h; path = maze.h; sourceTree = "<group>"; };
		D22B3FB02151E79800E8FB06 /* Info.plist */ = {isa = PBXFileReference; lastKnownFileType = text.plist.xml; path = Info.plist; sourceTree = "<group>"; };
		D22B3FB92151E7D400E8FB06 /* Amaze.app */ = {isa = PBXFileReference; explicitFileType = wrapper.application; includeInIndex = 0; path = Amaze.app; sourceTree = BUILT_PRODUCTS_DIR; };
		D22B3FBB2151E7D400E8FB06 /* AppDelegate.swift */ = {isa = PBXFileReference; lastKnownFileType = sourcecode.swift; path = AppDelegate.swift; sourceTree = "<group>"; };
		D22B3FBD2151E7D400E8FB06 /* MasterViewController.swift */ = {isa = PBXFileReference; lastKnownFileType = sourcecode.swift; path = MasterViewController.swift; sourceTree = "<group>"; };
		D22B3FBF2151E7D400E8FB06 /* DetailViewController.swift */ = {isa = PBXFileReference; lastKnownFileType = sourcecode.swift; path = DetailViewController.swift; sourceTree = "<group>"; };
		D22B3FC22151E7D400E8FB06 /* Base */ = {isa = PBXFileReference; lastKnownFileType = file.storyboard; name = Base; path = Base.lproj/Main.storyboard; sourceTree = "<group>"; };
		D22B3FC42151E7D800E8FB06 /* Assets.xcassets */ = {isa = PBXFileReference; lastKnownFileType = folder.assetcatalog; path = Assets.xcassets; sourceTree = "<group>"; };
		D22B3FC72151E7D800E8FB06 /* Base */ = {isa = PBXFileReference; lastKnownFileType = file.storyboard; name = Base; path = Base.lproj/LaunchScreen.storyboard; sourceTree = "<group>"; };
		D22B3FC92151E7D800E8FB06 /* Info.plist */ = {isa = PBXFileReference; lastKnownFileType = text.plist.xml; path = Info.plist; sourceTree = "<group>"; };
		D22B401F2151F04400E8FB06 /* Mazes.plist */ = {isa = PBXFileReference; lastKnownFileType = text.plist.xml; path = Mazes.plist; sourceTree = "<group>"; };
		D238C7F02103CD9600909855 /* Mazes */ = {isa = PBXFileReference; explicitFileType = "compiled.mach-o.executable"; includeInIndex = 0; path = Mazes; sourceTree = BUILT_PRODUCTS_DIR; };
		D238C7F32103CD9600909855 /* main.swift */ = {isa = PBXFileReference; lastKnownFileType = sourcecode.swift; path = main.swift; sourceTree = "<group>"; };
		D23933E52157FA7300920688 /* SettingsViewController.swift */ = {isa = PBXFileReference; lastKnownFileType = sourcecode.swift; path = SettingsViewController.swift; sourceTree = "<group>"; };
		D27238932143733C006BF452 /* ColoredPolarGrid.swift */ = {isa = PBXFileReference; lastKnownFileType = sourcecode.swift; path = ColoredPolarGrid.swift; sourceTree = "<group>"; };
		D2759DD9213F79ED00C7FB65 /* PolarCell.swift */ = {isa = PBXFileReference; lastKnownFileType = sourcecode.swift; path = PolarCell.swift; sourceTree = "<group>"; };
		D27CE56C215B21D10029514A /* MazeSettings.swift */ = {isa = PBXFileReference; lastKnownFileType = sourcecode.swift; path = MazeSettings.swift; sourceTree = "<group>"; };
		D28AA1EB210C035400898B17 /* HuntAndKill.swift */ = {isa = PBXFileReference; fileEncoding = 4; lastKnownFileType = sourcecode.swift; path = HuntAndKill.swift; sourceTree = "<group>"; };
		D28AA1ED210E301300898B17 /* RecursiveBacktracker.swift */ = {isa = PBXFileReference; fileEncoding = 4; lastKnownFileType = sourcecode.swift; path = RecursiveBacktracker.swift; sourceTree = "<group>"; };
		D28CA62021080D2E00D466BC /* Distances.swift */ = {isa = PBXFileReference; fileEncoding = 4; lastKnownFileType = sourcecode.swift; path = Distances.swift; sourceTree = "<group>"; };
		D28CA6222108182900D466BC /* DistanceGrid.swift */ = {isa = PBXFileReference; fileEncoding = 4; lastKnownFileType = sourcecode.swift; path = DistanceGrid.swift; sourceTree = "<group>"; };
		D2A66C5D216847D400EA8DFC /* SimplePickerDataSource.swift */ = {isa = PBXFileReference; lastKnownFileType = sourcecode.swift; path = SimplePickerDataSource.swift; sourceTree = "<group>"; };
		D2A66C5F2168560800EA8DFC /* ColoredMaskedGrid.swift */ = {isa = PBXFileReference; lastKnownFileType = sourcecode.swift; path = ColoredMaskedGrid.swift; sourceTree = "<group>"; };
		D2B345722144C3BE0034E71A /* RectCell.swift */ = {isa = PBXFileReference; lastKnownFileType = sourcecode.swift; path = RectCell.swift; sourceTree = "<group>"; };
		D2C7FB67210ABCE500386F74 /* AldousBroder.swift */ = {isa = PBXFileReference; fileEncoding = 4; lastKnownFileType = sourcecode.swift; path = AldousBroder.swift; sourceTree = "<group>"; };
		D2C7FB69210AC2DA00386F74 /* Wilsons.swift */ = {isa = PBXFileReference; fileEncoding = 4; lastKnownFileType = sourcecode.swift; path = Wilsons.swift; sourceTree = "<group>"; };
		D2D642372153369600949CB5 /* ChooseMazeCell.swift */ = {isa = PBXFileReference; lastKnownFileType = sourcecode.swift; path = ChooseMazeCell.swift; sourceTree = "<group>"; };
		D2DA180921050F5800EA5EBE /* Image.swift */ = {isa = PBXFileReference; fileEncoding = 4; lastKnownFileType = sourcecode.swift; path = Image.swift; sourceTree = "<group>"; };
		D2DA180B2106DA8800EA5EBE /* BinaryTree.swift */ = {isa = PBXFileReference; fileEncoding = 4; lastKnownFileType = sourcecode.swift; path = BinaryTree.swift; sourceTree = "<group>"; };
		D2DA180C2106DA8800EA5EBE /* Cell.swift */ = {isa = PBXFileReference; fileEncoding = 4; lastKnownFileType = sourcecode.swift; path = Cell.swift; sourceTree = "<group>"; };
		D2DA180D2106DA8800EA5EBE /* Grid.swift */ = {isa = PBXFileReference; fileEncoding = 4; lastKnownFileType = sourcecode.swift; path = Grid.swift; sourceTree = "<group>"; };
		D2DA180E2106DA8800EA5EBE /* Sidewinder.swift */ = {isa = PBXFileReference; fileEncoding = 4; lastKnownFileType = sourcecode.swift; path = Sidewinder.swift; sourceTree = "<group>"; };
		D2F5531A21A25E4B0057C2E6 /* WeightedCell.swift */ = {isa = PBXFileReference; lastKnownFileType = sourcecode.swift; path = WeightedCell.swift; sourceTree = "<group>"; };
		D2F5531D21A269250057C2E6 /* WeightedGrid.swift */ = {isa = PBXFileReference; lastKnownFileType = sourcecode.swift; path = WeightedGrid.swift; sourceTree = "<group>"; };
		D2FC7B1E210959DC00E40F7A /* MazeGenerator.swift */ = {isa = PBXFileReference; fileEncoding = 4; lastKnownFileType = sourcecode.swift; path = MazeGenerator.swift; sourceTree = "<group>"; };
		D2FC7B20210967C700E40F7A /* ColoredGrid.swift */ = {isa = PBXFileReference; fileEncoding = 4; lastKnownFileType = sourcecode.swift; path = ColoredGrid.swift; sourceTree = "<group>"; };
/* End PBXFileReference section */

/* Begin PBXFrameworksBuildPhase section */
		D22B3FA92151E79700E8FB06 /* Frameworks */ = {
			isa = PBXFrameworksBuildPhase;
			buildActionMask = 2147483647;
			files = (
			);
			runOnlyForDeploymentPostprocessing = 0;
		};
		D22B3FB62151E7D400E8FB06 /* Frameworks */ = {
			isa = PBXFrameworksBuildPhase;
			buildActionMask = 2147483647;
			files = (
				D22B3FF62151EC5000E8FB06 /* MazeKit.framework in Frameworks */,
			);
			runOnlyForDeploymentPostprocessing = 0;
		};
		D238C7ED2103CD9500909855 /* Frameworks */ = {
			isa = PBXFrameworksBuildPhase;
			buildActionMask = 2147483647;
			files = (
			);
			runOnlyForDeploymentPostprocessing = 0;
		};
/* End PBXFrameworksBuildPhase section */

/* Begin PBXGroup section */
		D22B3FAE2151E79800E8FB06 /* maze */ = {
			isa = PBXGroup;
			children = (
				D22B3FAF2151E79800E8FB06 /* maze.h */,
				D22B3FB02151E79800E8FB06 /* Info.plist */,
			);
			path = maze;
			sourceTree = "<group>";
		};
		D22B3FBA2151E7D400E8FB06 /* Amaze */ = {
			isa = PBXGroup;
			children = (
				D22B3FBB2151E7D400E8FB06 /* AppDelegate.swift */,
				D2D642372153369600949CB5 /* ChooseMazeCell.swift */,
				D22B3FBD2151E7D400E8FB06 /* MasterViewController.swift */,
				D22B3FBF2151E7D400E8FB06 /* DetailViewController.swift */,
				D27CE56C215B21D10029514A /* MazeSettings.swift */,
				D2A66C5D216847D400EA8DFC /* SimplePickerDataSource.swift */,
				D23933E52157FA7300920688 /* SettingsViewController.swift */,
				D22B3FC12151E7D400E8FB06 /* Main.storyboard */,
				D22B3FC42151E7D800E8FB06 /* Assets.xcassets */,
				D22B3FC62151E7D800E8FB06 /* LaunchScreen.storyboard */,
				D22B3FC92151E7D800E8FB06 /* Info.plist */,
				D22B401F2151F04400E8FB06 /* Mazes.plist */,
			);
			path = Amaze;
			sourceTree = "<group>";
		};
		D22B3FF52151EC5000E8FB06 /* Frameworks */ = {
			isa = PBXGroup;
			children = (
			);
			name = Frameworks;
			sourceTree = "<group>";
		};
		D238C7E72103CD9500909855 = {
			isa = PBXGroup;
			children = (
				D238C7F22103CD9600909855 /* Mazes */,
				D22B3FAE2151E79800E8FB06 /* maze */,
				D22B3FBA2151E7D400E8FB06 /* Amaze */,
				D238C7F12103CD9600909855 /* Products */,
				D22B3FF52151EC5000E8FB06 /* Frameworks */,
			);
			sourceTree = "<group>";
		};
		D238C7F12103CD9600909855 /* Products */ = {
			isa = PBXGroup;
			children = (
				D238C7F02103CD9600909855 /* Mazes */,
				D22B3FAD2151E79700E8FB06 /* MazeKit.framework */,
				D22B3FB92151E7D400E8FB06 /* Amaze.app */,
			);
			name = Products;
			sourceTree = "<group>";
		};
		D238C7F22103CD9600909855 /* Mazes */ = {
			isa = PBXGroup;
			children = (
				D238C7F32103CD9600909855 /* main.swift */,
				D22B3F9D2150A08200E8FB06 /* MazeHelper.swift */,
				D22B3F9F2150A0AD00E8FB06 /* CircularMazeHelper.swift */,
				D22B3FA12150A0DA00E8FB06 /* HexagonalMazeHelper.swift */,
				D22B3FA32150A10000E8FB06 /* TriangularMazeHelper.swift */,
				D22B3FA52150A11D00E8FB06 /* PyramidMazeHelper.swift */,
				D21955EA216C527E003703C5 /* DiamondMazeHelper.swift */,
				D2DA180C2106DA8800EA5EBE /* Cell.swift */,
				D2F5531A21A25E4B0057C2E6 /* WeightedCell.swift */,
				D2B345722144C3BE0034E71A /* RectCell.swift */,
				D2759DD9213F79ED00C7FB65 /* PolarCell.swift */,
				D201A1AA214B003A009D14BC /* HexCell.swift */,
				D201A1B6214B4B22009D14BC /* TriangleCell.swift */,
				D201A1C0214C60DB009D14BC /* PyramidCell.swift */,
				D21955E7216C474E003703C5 /* DiamondCell.swift */,
				D201A1B2214B3133009D14BC /* CGContextExtensions.swift */,
				D2DA180921050F5800EA5EBE /* Image.swift */,
				D201A1AE214B08A2009D14BC /* RenderingMode.swift */,
				D22B3F9921508AA800E8FB06 /* Random.swift */,
				D22B3F9B21509C9500E8FB06 /* CollectionExtension.swift */,
				D2DA180D2106DA8800EA5EBE /* Grid.swift */,
				D2F5531D21A269250057C2E6 /* WeightedGrid.swift */,
				D28CA6222108182900D466BC /* DistanceGrid.swift */,
				D2FC7B20210967C700E40F7A /* ColoredGrid.swift */,
				290D3C6E211BDC300032DA6D /* MaskedGrid.swift */,
				D2A66C5F2168560800EA8DFC /* ColoredMaskedGrid.swift */,
				D21DA623212BADAB0007FF2D /* PolarGrid.swift */,
				D27238932143733C006BF452 /* ColoredPolarGrid.swift */,
				D201A1AC214B0227009D14BC /* HexGrid.swift */,
				D201A1B0214B1AFE009D14BC /* ColoredHexGrid.swift */,
				D201A1B8214B4D6A009D14BC /* TriangleGrid.swift */,
				D201A1BA214B4F9D009D14BC /* ColoredTriangleGrid.swift */,
				D201A1BC214C4DF8009D14BC /* PyramidGrid.swift */,
				D201A1BE214C533B009D14BC /* ColoredPyramidGrid.swift */,
				D21955E1216C4642003703C5 /* DiamondGrid.swift */,
				D21955E4216C468A003703C5 /* ColoredDiamondGrid.swift */,
				D201A1B4214B31B5009D14BC /* IntExtensions.swift */,
				D28CA62021080D2E00D466BC /* Distances.swift */,
				29810C14211A9BEF004AD81C /* Mask.swift */,
				D2FC7B1E210959DC00E40F7A /* MazeGenerator.swift */,
				D2DA180E2106DA8800EA5EBE /* Sidewinder.swift */,
				D2DA180B2106DA8800EA5EBE /* BinaryTree.swift */,
				D2C7FB67210ABCE500386F74 /* AldousBroder.swift */,
				D2C7FB69210AC2DA00386F74 /* Wilsons.swift */,
				D28AA1EB210C035400898B17 /* HuntAndKill.swift */,
				D28AA1ED210E301300898B17 /* RecursiveBacktracker.swift */,
			);
			path = Mazes;
			sourceTree = "<group>";
		};
/* End PBXGroup section */

/* Begin PBXHeadersBuildPhase section */
		D22B3FAA2151E79700E8FB06 /* Headers */ = {
			isa = PBXHeadersBuildPhase;
			buildActionMask = 2147483647;
			files = (
				D22B3FB12151E79800E8FB06 /* maze.h in Headers */,
			);
			runOnlyForDeploymentPostprocessing = 0;
		};
/* End PBXHeadersBuildPhase section */

/* Begin PBXNativeTarget section */
		D22B3FAC2151E79700E8FB06 /* MazeKit */ = {
			isa = PBXNativeTarget;
			buildConfigurationList = D22B3FB22151E79800E8FB06 /* Build configuration list for PBXNativeTarget "MazeKit" */;
			buildPhases = (
				D22B3FA82151E79700E8FB06 /* Sources */,
				D22B3FA92151E79700E8FB06 /* Frameworks */,
				D22B3FAA2151E79700E8FB06 /* Headers */,
				D22B3FAB2151E79700E8FB06 /* Resources */,
			);
			buildRules = (
			);
			dependencies = (
			);
			name = MazeKit;
			productName = maze;
			productReference = D22B3FAD2151E79700E8FB06 /* MazeKit.framework */;
			productType = "com.apple.product-type.framework";
		};
		D22B3FB82151E7D400E8FB06 /* Amaze */ = {
			isa = PBXNativeTarget;
			buildConfigurationList = D22B3FCA2151E7D800E8FB06 /* Build configuration list for PBXNativeTarget "Amaze" */;
			buildPhases = (
				D22B3FB52151E7D400E8FB06 /* Sources */,
				D22B3FB62151E7D400E8FB06 /* Frameworks */,
				D22B3FB72151E7D400E8FB06 /* Resources */,
				D22C730421549479007CB6B4 /* Embed Frameworks */,
			);
			buildRules = (
			);
			dependencies = (
				D22B3FF42151EC4100E8FB06 /* PBXTargetDependency */,
			);
			name = Amaze;
			productName = Amaze;
			productReference = D22B3FB92151E7D400E8FB06 /* Amaze.app */;
			productType = "com.apple.product-type.application";
		};
		D238C7EF2103CD9500909855 /* Mazes */ = {
			isa = PBXNativeTarget;
			buildConfigurationList = D238C7F72103CD9600909855 /* Build configuration list for PBXNativeTarget "Mazes" */;
			buildPhases = (
				D238C7EC2103CD9500909855 /* Sources */,
				D238C7ED2103CD9500909855 /* Frameworks */,
				D238C7EE2103CD9500909855 /* CopyFiles */,
			);
			buildRules = (
			);
			dependencies = (
			);
			name = Mazes;
			productName = Mazes;
			productReference = D238C7F02103CD9600909855 /* Mazes */;
			productType = "com.apple.product-type.tool";
		};
/* End PBXNativeTarget section */

/* Begin PBXProject section */
		D238C7E82103CD9500909855 /* Project object */ = {
			isa = PBXProject;
			attributes = {
				LastSwiftUpdateCheck = 0940;
				LastUpgradeCheck = 1020;
				ORGANIZATIONNAME = self;
				TargetAttributes = {
					D22B3FAC2151E79700E8FB06 = {
						CreatedOnToolsVersion = 9.4.1;
						DevelopmentTeam = U5K2PCXQE4;
						LastSwiftMigration = 1020;
						ProvisioningStyle = Automatic;
					};
					D22B3FB82151E7D400E8FB06 = {
						CreatedOnToolsVersion = 9.4.1;
						DevelopmentTeam = U5K2PCXQE4;
						LastSwiftMigration = 1020;
						ProvisioningStyle = Automatic;
					};
					D238C7EF2103CD9500909855 = {
						CreatedOnToolsVersion = 8.2.1;
						DevelopmentTeam = U5K2PCXQE4;
						LastSwiftMigration = 0940;
						ProvisioningStyle = Automatic;
					};
				};
			};
			buildConfigurationList = D238C7EB2103CD9500909855 /* Build configuration list for PBXProject "Mazes" */;
			compatibilityVersion = "Xcode 3.2";
			developmentRegion = en;
			hasScannedForEncodings = 0;
			knownRegions = (
				en,
				Base,
			);
			mainGroup = D238C7E72103CD9500909855;
			productRefGroup = D238C7F12103CD9600909855 /* Products */;
			projectDirPath = "";
			projectRoot = "";
			targets = (
				D238C7EF2103CD9500909855 /* Mazes */,
				D22B3FAC2151E79700E8FB06 /* MazeKit */,
				D22B3FB82151E7D400E8FB06 /* Amaze */,
			);
		};
/* End PBXProject section */

/* Begin PBXResourcesBuildPhase section */
		D22B3FAB2151E79700E8FB06 /* Resources */ = {
			isa = PBXResourcesBuildPhase;
			buildActionMask = 2147483647;
			files = (
			);
			runOnlyForDeploymentPostprocessing = 0;
		};
		D22B3FB72151E7D400E8FB06 /* Resources */ = {
			isa = PBXResourcesBuildPhase;
			buildActionMask = 2147483647;
			files = (
				D22B3FC82151E7D800E8FB06 /* LaunchScreen.storyboard in Resources */,
				D22B40202151F04400E8FB06 /* Mazes.plist in Resources */,
				D22B3FC52151E7D800E8FB06 /* Assets.xcassets in Resources */,
				D22B3FC32151E7D400E8FB06 /* Main.storyboard in Resources */,
			);
			runOnlyForDeploymentPostprocessing = 0;
		};
/* End PBXResourcesBuildPhase section */

/* Begin PBXSourcesBuildPhase section */
		D22B3FA82151E79700E8FB06 /* Sources */ = {
			isa = PBXSourcesBuildPhase;
			buildActionMask = 2147483647;
			files = (
				D22B40422151F80900E8FB06 /* BinaryTree.swift in Sources */,
				D21955EC216C527F003703C5 /* DiamondMazeHelper.swift in Sources */,
				D22B40282151F80900E8FB06 /* PolarCell.swift in Sources */,
				D22B402B2151F80900E8FB06 /* PyramidCell.swift in Sources */,
				D22B40402151F80900E8FB06 /* MazeGenerator.swift in Sources */,
				D22B40382151F80900E8FB06 /* ColoredHexGrid.swift in Sources */,
				D2F5531C21A25E4B0057C2E6 /* WeightedCell.swift in Sources */,
				D22B402F2151F80900E8FB06 /* Random.swift in Sources */,
				D22B40462151F80900E8FB06 /* RecursiveBacktracker.swift in Sources */,
				D22B403A2151F80900E8FB06 /* ColoredTriangleGrid.swift in Sources */,
				D22B40432151F80900E8FB06 /* AldousBroder.swift in Sources */,
				D22B40212151F80900E8FB06 /* MazeHelper.swift in Sources */,
				D22B40252151F80900E8FB06 /* PyramidMazeHelper.swift in Sources */,
				D22B40412151F80900E8FB06 /* Sidewinder.swift in Sources */,
				D22B403C2151F80900E8FB06 /* ColoredPyramidGrid.swift in Sources */,
				D22B40272151F80900E8FB06 /* RectCell.swift in Sources */,
				D22B40342151F80900E8FB06 /* MaskedGrid.swift in Sources */,
				D2A66C612168592A00EA8DFC /* ColoredMaskedGrid.swift in Sources */,
				D22B40292151F80900E8FB06 /* HexCell.swift in Sources */,
				D22B403F2151F80900E8FB06 /* Mask.swift in Sources */,
				D22B402D2151F80900E8FB06 /* Image.swift in Sources */,
				D21955E6216C468A003703C5 /* ColoredDiamondGrid.swift in Sources */,
				D22B403D2151F80900E8FB06 /* IntExtensions.swift in Sources */,
				D22B402E2151F80900E8FB06 /* RenderingMode.swift in Sources */,
				D22B403E2151F80900E8FB06 /* Distances.swift in Sources */,
				D21955E3216C4642003703C5 /* DiamondGrid.swift in Sources */,
				D22B402A2151F80900E8FB06 /* TriangleCell.swift in Sources */,
				D22B40332151F80900E8FB06 /* ColoredGrid.swift in Sources */,
				D21955E9216C474E003703C5 /* DiamondCell.swift in Sources */,
				D22B40312151F80900E8FB06 /* Grid.swift in Sources */,
				D22B40452151F80900E8FB06 /* HuntAndKill.swift in Sources */,
				D22B402C2151F80900E8FB06 /* CGContextExtensions.swift in Sources */,
				D22B40232151F80900E8FB06 /* HexagonalMazeHelper.swift in Sources */,
				D22B40352151F80900E8FB06 /* PolarGrid.swift in Sources */,
				D22B40222151F80900E8FB06 /* CircularMazeHelper.swift in Sources */,
				D2F5531F21A269250057C2E6 /* WeightedGrid.swift in Sources */,
				D22B40392151F80900E8FB06 /* TriangleGrid.swift in Sources */,
				D22B403B2151F80900E8FB06 /* PyramidGrid.swift in Sources */,
				D22B40322151F80900E8FB06 /* DistanceGrid.swift in Sources */,
				D22B40302151F80900E8FB06 /* CollectionExtension.swift in Sources */,
				D22B40442151F80900E8FB06 /* Wilsons.swift in Sources */,
				D22B40362151F80900E8FB06 /* ColoredPolarGrid.swift in Sources */,
				D22B40242151F80900E8FB06 /* TriangularMazeHelper.swift in Sources */,
				D22B40262151F80900E8FB06 /* Cell.swift in Sources */,
				D22B40372151F80900E8FB06 /* HexGrid.swift in Sources */,
			);
			runOnlyForDeploymentPostprocessing = 0;
		};
		D22B3FB52151E7D400E8FB06 /* Sources */ = {
			isa = PBXSourcesBuildPhase;
			buildActionMask = 2147483647;
			files = (
				D22B3FC02151E7D400E8FB06 /* DetailViewController.swift in Sources */,
				D22B3FBE2151E7D400E8FB06 /* MasterViewController.swift in Sources */,
				D2A66C5E216847D400EA8DFC /* SimplePickerDataSource.swift in Sources */,
				D2D642382153369600949CB5 /* ChooseMazeCell.swift in Sources */,
				D23933E62157FA7300920688 /* SettingsViewController.swift in Sources */,
				D22B3FBC2151E7D400E8FB06 /* AppDelegate.swift in Sources */,
				D27CE56D215B21D10029514A /* MazeSettings.swift in Sources */,
			);
			runOnlyForDeploymentPostprocessing = 0;
		};
		D238C7EC2103CD9500909855 /* Sources */ = {
			isa = PBXSourcesBuildPhase;
			buildActionMask = 2147483647;
			files = (
				D22B40192151ECB900E8FB06 /* BinaryTree.swift in Sources */,
				D22B401E2151ECB900E8FB06 /* TriangularMazeHelper.swift in Sources */,
				D22B3FFD2151ECB900E8FB06 /* PolarGrid.swift in Sources */,
				D21955E2216C4642003703C5 /* DiamondGrid.swift in Sources */,
				D22B401A2151ECB900E8FB06 /* Cell.swift in Sources */,
				D22B400B2151ECB900E8FB06 /* PyramidMazeHelper.swift in Sources */,
				D22B3FF92151ECB900E8FB06 /* MazeHelper.swift in Sources */,
				D22B40002151ECB900E8FB06 /* PyramidGrid.swift in Sources */,
				D22B3FFE2151ECB900E8FB06 /* ColoredTriangleGrid.swift in Sources */,
				D22B3FFF2151ECB900E8FB06 /* Grid.swift in Sources */,
				D22B40102151ECB900E8FB06 /* CGContextExtensions.swift in Sources */,
				D22B401D2151ECB900E8FB06 /* RectCell.swift in Sources */,
				D22B40032151ECB900E8FB06 /* CollectionExtension.swift in Sources */,
				D22B40172151ECB900E8FB06 /* Distances.swift in Sources */,
				D22B40042151ECB900E8FB06 /* HexagonalMazeHelper.swift in Sources */,
				D22B40062151ECB900E8FB06 /* AldousBroder.swift in Sources */,
				D2F5531E21A269250057C2E6 /* WeightedGrid.swift in Sources */,
				D22B40122151ECB900E8FB06 /* HuntAndKill.swift in Sources */,
				D22B401B2151ECB900E8FB06 /* DistanceGrid.swift in Sources */,
				D22B40092151ECB900E8FB06 /* PolarCell.swift in Sources */,
				D22B40082151ECB900E8FB06 /* PyramidCell.swift in Sources */,
				D22B40162151ECB900E8FB06 /* IntExtensions.swift in Sources */,
				D22B40152151ECB900E8FB06 /* RenderingMode.swift in Sources */,
				D2F5531B21A25E4B0057C2E6 /* WeightedCell.swift in Sources */,
				D22B40012151ECB900E8FB06 /* TriangleCell.swift in Sources */,
				D21955EB216C527F003703C5 /* DiamondMazeHelper.swift in Sources */,
				D22B3FFB2151ECB900E8FB06 /* CircularMazeHelper.swift in Sources */,
				D22B400D2151ECB900E8FB06 /* Wilsons.swift in Sources */,
				D21955E5216C468A003703C5 /* ColoredDiamondGrid.swift in Sources */,
				D22B400F2151ECB900E8FB06 /* MaskedGrid.swift in Sources */,
				D22B3FFC2151ECB900E8FB06 /* MazeGenerator.swift in Sources */,
				D21955E8216C474E003703C5 /* DiamondCell.swift in Sources */,
				D22B40132151ECB900E8FB06 /* ColoredHexGrid.swift in Sources */,
				D22B401C2151ECB900E8FB06 /* RecursiveBacktracker.swift in Sources */,
				D22B400E2151ECB900E8FB06 /* ColoredPolarGrid.swift in Sources */,
				D2A66C602168560800EA8DFC /* ColoredMaskedGrid.swift in Sources */,
				D22B40182151ECB900E8FB06 /* Mask.swift in Sources */,
				D22B400A2151ECB900E8FB06 /* Image.swift in Sources */,
				D22B40112151ECB900E8FB06 /* TriangleGrid.swift in Sources */,
				D22B40052151ECB900E8FB06 /* ColoredGrid.swift in Sources */,
				D238C7F42103CD9600909855 /* main.swift in Sources */,
				D22B400C2151ECB900E8FB06 /* HexGrid.swift in Sources */,
				D22B40072151ECB900E8FB06 /* HexCell.swift in Sources */,
				D22B3FFA2151ECB900E8FB06 /* Sidewinder.swift in Sources */,
				D22B40142151ECB900E8FB06 /* ColoredPyramidGrid.swift in Sources */,
				D22B40022151ECB900E8FB06 /* Random.swift in Sources */,
			);
			runOnlyForDeploymentPostprocessing = 0;
		};
/* End PBXSourcesBuildPhase section */

/* Begin PBXTargetDependency section */
		D22B3FF42151EC4100E8FB06 /* PBXTargetDependency */ = {
			isa = PBXTargetDependency;
			target = D22B3FAC2151E79700E8FB06 /* MazeKit */;
			targetProxy = D22B3FF32151EC4100E8FB06 /* PBXContainerItemProxy */;
		};
/* End PBXTargetDependency section */

/* Begin PBXVariantGroup section */
		D22B3FC12151E7D400E8FB06 /* Main.storyboard */ = {
			isa = PBXVariantGroup;
			children = (
				D22B3FC22151E7D400E8FB06 /* Base */,
			);
			name = Main.storyboard;
			sourceTree = "<group>";
		};
		D22B3FC62151E7D800E8FB06 /* LaunchScreen.storyboard */ = {
			isa = PBXVariantGroup;
			children = (
				D22B3FC72151E7D800E8FB06 /* Base */,
			);
			name = LaunchScreen.storyboard;
			sourceTree = "<group>";
		};
/* End PBXVariantGroup section */

/* Begin XCBuildConfiguration section */
		D22B3FB32151E79800E8FB06 /* Debug */ = {
			isa = XCBuildConfiguration;
			buildSettings = {
				CLANG_ANALYZER_NUMBER_OBJECT_CONVERSION = YES_AGGRESSIVE;
				CLANG_CXX_LANGUAGE_STANDARD = "gnu++14";
				CLANG_ENABLE_OBJC_WEAK = YES;
				CLANG_WARN_UNGUARDED_AVAILABILITY = YES_AGGRESSIVE;
				CODE_SIGN_IDENTITY = "";
				CODE_SIGN_STYLE = Automatic;
				CURRENT_PROJECT_VERSION = 1;
				DEFINES_MODULE = YES;
				DEVELOPMENT_TEAM = U5K2PCXQE4;
				DYLIB_COMPATIBILITY_VERSION = 1;
				DYLIB_CURRENT_VERSION = 1;
				DYLIB_INSTALL_NAME_BASE = "@rpath";
				GCC_C_LANGUAGE_STANDARD = gnu11;
				INFOPLIST_FILE = maze/Info.plist;
				INSTALL_PATH = "$(LOCAL_LIBRARY_DIR)/Frameworks";
				IPHONEOS_DEPLOYMENT_TARGET = 11.4;
				LD_RUNPATH_SEARCH_PATHS = "$(inherited) @executable_path/Frameworks @loader_path/Frameworks";
				PRODUCT_BUNDLE_IDENTIFIER = com.tury.shared.MazeKit;
				PRODUCT_NAME = "$(TARGET_NAME:c99extidentifier)";
				SDKROOT = iphoneos;
				SKIP_INSTALL = YES;
				SWIFT_ACTIVE_COMPILATION_CONDITIONS = DEBUG;
				SWIFT_VERSION = 5.0;
				TARGETED_DEVICE_FAMILY = "1,2";
				VERSIONING_SYSTEM = "apple-generic";
				VERSION_INFO_PREFIX = "";
			};
			name = Debug;
		};
		D22B3FB42151E79800E8FB06 /* Release */ = {
			isa = XCBuildConfiguration;
			buildSettings = {
				CLANG_ANALYZER_NUMBER_OBJECT_CONVERSION = YES_AGGRESSIVE;
				CLANG_CXX_LANGUAGE_STANDARD = "gnu++14";
				CLANG_ENABLE_OBJC_WEAK = YES;
				CLANG_WARN_UNGUARDED_AVAILABILITY = YES_AGGRESSIVE;
				CODE_SIGN_IDENTITY = "";
				CODE_SIGN_STYLE = Automatic;
				CURRENT_PROJECT_VERSION = 1;
				DEFINES_MODULE = YES;
				DEVELOPMENT_TEAM = U5K2PCXQE4;
				DYLIB_COMPATIBILITY_VERSION = 1;
				DYLIB_CURRENT_VERSION = 1;
				DYLIB_INSTALL_NAME_BASE = "@rpath";
				GCC_C_LANGUAGE_STANDARD = gnu11;
				INFOPLIST_FILE = maze/Info.plist;
				INSTALL_PATH = "$(LOCAL_LIBRARY_DIR)/Frameworks";
				IPHONEOS_DEPLOYMENT_TARGET = 11.4;
				LD_RUNPATH_SEARCH_PATHS = "$(inherited) @executable_path/Frameworks @loader_path/Frameworks";
				PRODUCT_BUNDLE_IDENTIFIER = com.tury.shared.MazeKit;
				PRODUCT_NAME = "$(TARGET_NAME:c99extidentifier)";
				SDKROOT = iphoneos;
				SKIP_INSTALL = YES;
				SWIFT_OPTIMIZATION_LEVEL = "-O";
				SWIFT_VERSION = 5.0;
				TARGETED_DEVICE_FAMILY = "1,2";
				VALIDATE_PRODUCT = YES;
				VERSIONING_SYSTEM = "apple-generic";
				VERSION_INFO_PREFIX = "";
			};
			name = Release;
		};
		D22B3FCB2151E7D800E8FB06 /* Debug */ = {
			isa = XCBuildConfiguration;
			buildSettings = {
				ALWAYS_EMBED_SWIFT_STANDARD_LIBRARIES = YES;
				ASSETCATALOG_COMPILER_APPICON_NAME = AppIcon;
				CLANG_ANALYZER_NUMBER_OBJECT_CONVERSION = YES_AGGRESSIVE;
				CLANG_CXX_LANGUAGE_STANDARD = "gnu++14";
				CLANG_ENABLE_OBJC_WEAK = YES;
				CLANG_WARN_UNGUARDED_AVAILABILITY = YES_AGGRESSIVE;
				CODE_SIGN_IDENTITY = "iPhone Developer";
				CODE_SIGN_STYLE = Automatic;
				DEVELOPMENT_TEAM = U5K2PCXQE4;
				GCC_C_LANGUAGE_STANDARD = gnu11;
				INFOPLIST_FILE = Amaze/Info.plist;
				IPHONEOS_DEPLOYMENT_TARGET = 11.4;
				LD_RUNPATH_SEARCH_PATHS = "$(inherited) @executable_path/Frameworks";
				PRODUCT_BUNDLE_IDENTIFIER = com.tury.Amaze;
				PRODUCT_NAME = "$(TARGET_NAME)";
				PROVISIONING_PROFILE_SPECIFIER = "";
				SDKROOT = iphoneos;
				SWIFT_ACTIVE_COMPILATION_CONDITIONS = DEBUG;
				SWIFT_VERSION = 5.0;
				TARGETED_DEVICE_FAMILY = "1,2";
			};
			name = Debug;
		};
		D22B3FCC2151E7D800E8FB06 /* Release */ = {
			isa = XCBuildConfiguration;
			buildSettings = {
				ALWAYS_EMBED_SWIFT_STANDARD_LIBRARIES = YES;
				ASSETCATALOG_COMPILER_APPICON_NAME = AppIcon;
				CLANG_ANALYZER_NUMBER_OBJECT_CONVERSION = YES_AGGRESSIVE;
				CLANG_CXX_LANGUAGE_STANDARD = "gnu++14";
				CLANG_ENABLE_OBJC_WEAK = YES;
				CLANG_WARN_UNGUARDED_AVAILABILITY = YES_AGGRESSIVE;
				CODE_SIGN_IDENTITY = "iPhone Developer";
				CODE_SIGN_STYLE = Automatic;
				DEVELOPMENT_TEAM = U5K2PCXQE4;
				GCC_C_LANGUAGE_STANDARD = gnu11;
				INFOPLIST_FILE = Amaze/Info.plist;
				IPHONEOS_DEPLOYMENT_TARGET = 11.4;
				LD_RUNPATH_SEARCH_PATHS = "$(inherited) @executable_path/Frameworks";
				PRODUCT_BUNDLE_IDENTIFIER = com.tury.Amaze;
				PRODUCT_NAME = "$(TARGET_NAME)";
				PROVISIONING_PROFILE_SPECIFIER = "";
				SDKROOT = iphoneos;
				SWIFT_OPTIMIZATION_LEVEL = "-O";
				SWIFT_VERSION = 5.0;
				TARGETED_DEVICE_FAMILY = "1,2";
				VALIDATE_PRODUCT = YES;
			};
			name = Release;
		};
		D238C7F52103CD9600909855 /* Debug */ = {
			isa = XCBuildConfiguration;
			buildSettings = {
				ALWAYS_SEARCH_USER_PATHS = NO;
				CLANG_ANALYZER_LOCALIZABILITY_NONLOCALIZED = YES;
				CLANG_ANALYZER_NONNULL = YES;
				CLANG_CXX_LANGUAGE_STANDARD = "gnu++0x";
				CLANG_CXX_LIBRARY = "libc++";
				CLANG_ENABLE_MODULES = YES;
				CLANG_ENABLE_OBJC_ARC = YES;
				CLANG_WARN_BLOCK_CAPTURE_AUTORELEASING = YES;
				CLANG_WARN_BOOL_CONVERSION = YES;
				CLANG_WARN_COMMA = YES;
				CLANG_WARN_CONSTANT_CONVERSION = YES;
				CLANG_WARN_DEPRECATED_OBJC_IMPLEMENTATIONS = YES;
				CLANG_WARN_DIRECT_OBJC_ISA_USAGE = YES_ERROR;
				CLANG_WARN_DOCUMENTATION_COMMENTS = YES;
				CLANG_WARN_EMPTY_BODY = YES;
				CLANG_WARN_ENUM_CONVERSION = YES;
				CLANG_WARN_INFINITE_RECURSION = YES;
				CLANG_WARN_INT_CONVERSION = YES;
				CLANG_WARN_NON_LITERAL_NULL_CONVERSION = YES;
				CLANG_WARN_OBJC_IMPLICIT_RETAIN_SELF = YES;
				CLANG_WARN_OBJC_LITERAL_CONVERSION = YES;
				CLANG_WARN_OBJC_ROOT_CLASS = YES_ERROR;
				CLANG_WARN_RANGE_LOOP_ANALYSIS = YES;
				CLANG_WARN_STRICT_PROTOTYPES = YES;
				CLANG_WARN_SUSPICIOUS_MOVE = YES;
				CLANG_WARN_UNREACHABLE_CODE = YES;
				CLANG_WARN__DUPLICATE_METHOD_MATCH = YES;
				CODE_SIGN_IDENTITY = "-";
				COPY_PHASE_STRIP = NO;
				DEBUG_INFORMATION_FORMAT = dwarf;
				ENABLE_STRICT_OBJC_MSGSEND = YES;
				ENABLE_TESTABILITY = YES;
				GCC_C_LANGUAGE_STANDARD = gnu99;
				GCC_DYNAMIC_NO_PIC = NO;
				GCC_NO_COMMON_BLOCKS = YES;
				GCC_OPTIMIZATION_LEVEL = 0;
				GCC_PREPROCESSOR_DEFINITIONS = (
					"DEBUG=1",
					"$(inherited)",
				);
				GCC_WARN_64_TO_32_BIT_CONVERSION = YES;
				GCC_WARN_ABOUT_RETURN_TYPE = YES_ERROR;
				GCC_WARN_UNDECLARED_SELECTOR = YES;
				GCC_WARN_UNINITIALIZED_AUTOS = YES_AGGRESSIVE;
				GCC_WARN_UNUSED_FUNCTION = YES;
				GCC_WARN_UNUSED_VARIABLE = YES;
				MACOSX_DEPLOYMENT_TARGET = 10.11;
				MTL_ENABLE_DEBUG_INFO = YES;
				ONLY_ACTIVE_ARCH = YES;
				SDKROOT = macosx;
				SWIFT_OPTIMIZATION_LEVEL = "-Onone";
			};
			name = Debug;
		};
		D238C7F62103CD9600909855 /* Release */ = {
			isa = XCBuildConfiguration;
			buildSettings = {
				ALWAYS_SEARCH_USER_PATHS = NO;
				CLANG_ANALYZER_LOCALIZABILITY_NONLOCALIZED = YES;
				CLANG_ANALYZER_NONNULL = YES;
				CLANG_CXX_LANGUAGE_STANDARD = "gnu++0x";
				CLANG_CXX_LIBRARY = "libc++";
				CLANG_ENABLE_MODULES = YES;
				CLANG_ENABLE_OBJC_ARC = YES;
				CLANG_WARN_BLOCK_CAPTURE_AUTORELEASING = YES;
				CLANG_WARN_BOOL_CONVERSION = YES;
				CLANG_WARN_COMMA = YES;
				CLANG_WARN_CONSTANT_CONVERSION = YES;
				CLANG_WARN_DEPRECATED_OBJC_IMPLEMENTATIONS = YES;
				CLANG_WARN_DIRECT_OBJC_ISA_USAGE = YES_ERROR;
				CLANG_WARN_DOCUMENTATION_COMMENTS = YES;
				CLANG_WARN_EMPTY_BODY = YES;
				CLANG_WARN_ENUM_CONVERSION = YES;
				CLANG_WARN_INFINITE_RECURSION = YES;
				CLANG_WARN_INT_CONVERSION = YES;
				CLANG_WARN_NON_LITERAL_NULL_CONVERSION = YES;
				CLANG_WARN_OBJC_IMPLICIT_RETAIN_SELF = YES;
				CLANG_WARN_OBJC_LITERAL_CONVERSION = YES;
				CLANG_WARN_OBJC_ROOT_CLASS = YES_ERROR;
				CLANG_WARN_RANGE_LOOP_ANALYSIS = YES;
				CLANG_WARN_STRICT_PROTOTYPES = YES;
				CLANG_WARN_SUSPICIOUS_MOVE = YES;
				CLANG_WARN_UNREACHABLE_CODE = YES;
				CLANG_WARN__DUPLICATE_METHOD_MATCH = YES;
				CODE_SIGN_IDENTITY = "-";
				COPY_PHASE_STRIP = NO;
				DEBUG_INFORMATION_FORMAT = "dwarf-with-dsym";
				ENABLE_NS_ASSERTIONS = NO;
				ENABLE_STRICT_OBJC_MSGSEND = YES;
				GCC_C_LANGUAGE_STANDARD = gnu99;
				GCC_NO_COMMON_BLOCKS = YES;
				GCC_WARN_64_TO_32_BIT_CONVERSION = YES;
				GCC_WARN_ABOUT_RETURN_TYPE = YES_ERROR;
				GCC_WARN_UNDECLARED_SELECTOR = YES;
				GCC_WARN_UNINITIALIZED_AUTOS = YES_AGGRESSIVE;
				GCC_WARN_UNUSED_FUNCTION = YES;
				GCC_WARN_UNUSED_VARIABLE = YES;
				MACOSX_DEPLOYMENT_TARGET = 10.11;
				MTL_ENABLE_DEBUG_INFO = NO;
				SDKROOT = macosx;
				SWIFT_COMPILATION_MODE = wholemodule;
			};
			name = Release;
		};
		D238C7F82103CD9600909855 /* Debug */ = {
			isa = XCBuildConfiguration;
			buildSettings = {
				CODE_SIGN_IDENTITY = "Mac Developer";
				CODE_SIGN_STYLE = Automatic;
				DEVELOPMENT_TEAM = U5K2PCXQE4;
				PRODUCT_NAME = "$(TARGET_NAME)";
				PROVISIONING_PROFILE_SPECIFIER = "";
				SWIFT_SWIFT3_OBJC_INFERENCE = Default;
				SWIFT_VERSION = 4.0;
				SYMROOT = ./build;
			};
			name = Debug;
		};
		D238C7F92103CD9600909855 /* Release */ = {
			isa = XCBuildConfiguration;
			buildSettings = {
				CODE_SIGN_IDENTITY = "Mac Developer";
				CODE_SIGN_STYLE = Automatic;
				DEVELOPMENT_TEAM = U5K2PCXQE4;
				PRODUCT_NAME = "$(TARGET_NAME)";
				PROVISIONING_PROFILE_SPECIFIER = "";
				SWIFT_SWIFT3_OBJC_INFERENCE = Default;
				SWIFT_VERSION = 4.0;
				SYMROOT = ./build;
			};
			name = Release;
		};
/* End XCBuildConfiguration section */

/* Begin XCConfigurationList section */
		D22B3FB22151E79800E8FB06 /* Build configuration list for PBXNativeTarget "MazeKit" */ = {
			isa = XCConfigurationList;
			buildConfigurations = (
				D22B3FB32151E79800E8FB06 /* Debug */,
				D22B3FB42151E79800E8FB06 /* Release */,
			);
			defaultConfigurationIsVisible = 0;
			defaultConfigurationName = Release;
		};
		D22B3FCA2151E7D800E8FB06 /* Build configuration list for PBXNativeTarget "Amaze" */ = {
			isa = XCConfigurationList;
			buildConfigurations = (
				D22B3FCB2151E7D800E8FB06 /* Debug */,
				D22B3FCC2151E7D800E8FB06 /* Release */,
			);
			defaultConfigurationIsVisible = 0;
			defaultConfigurationName = Release;
		};
		D238C7EB2103CD9500909855 /* Build configuration list for PBXProject "Mazes" */ = {
			isa = XCConfigurationList;
			buildConfigurations = (
				D238C7F52103CD9600909855 /* Debug */,
				D238C7F62103CD9600909855 /* Release */,
			);
			defaultConfigurationIsVisible = 0;
			defaultConfigurationName = Release;
		};
		D238C7F72103CD9600909855 /* Build configuration list for PBXNativeTarget "Mazes" */ = {
			isa = XCConfigurationList;
			buildConfigurations = (
				D238C7F82103CD9600909855 /* Debug */,
				D238C7F92103CD9600909855 /* Release */,
			);
			defaultConfigurationIsVisible = 0;
			defaultConfigurationName = Release;
		};
/* End XCConfigurationList section */
	};
	rootObject = D238C7E82103CD9500909855 /* Project object */;
}
